<?xml version="1.0" encoding="utf-8"?>
<Project ToolsVersion="4.0" xmlns="http://schemas.microsoft.com/developer/msbuild/2003">
  <ItemGroup>
    <Filter Include="Form Files">
      <UniqueIdentifier>{99349809-55BA-4b9d-BF79-8FDBB0286EB3}</UniqueIdentifier>
      <Extensions>ui</Extensions>
    </Filter>
    <Filter Include="Generated Files">
      <UniqueIdentifier>{71ED8ED8-ACB9-4CE9-BBE1-E00B30144E11}</UniqueIdentifier>
      <Extensions>moc;h;cpp</Extensions>
      <SourceControlFiles>False</SourceControlFiles>
    </Filter>
    <Filter Include="Widgets">
      <UniqueIdentifier>{a5bea1c9-0d0a-4d89-a6cf-ec3d3bd6cdc0}</UniqueIdentifier>
    </Filter>
  </ItemGroup>
  <ItemGroup>
    <ClCompile Include="..\..\..\src\editor_gui\edit_gui.cpp" />
    <ClCompile Include="..\..\..\src\editor_gui\moc_edit_mainwindow.cpp">
      <Filter>Generated Files</Filter>
    </ClCompile>
    <ClCompile Include="..\..\..\src\editor_gui\edit_mainwindow.cpp" />
    <ClCompile Include="..\..\..\src\editor_gui\edit_render_context.cpp">
      <Filter>Widgets</Filter>
    </ClCompile>
    <ClCompile Include="..\..\..\src\editor_gui\moc_edit_render_context.cpp">
      <Filter>Generated Files</Filter>
    </ClCompile>
  </ItemGroup>
  <ItemGroup>
    <CustomBuild Include="..\..\..\src\editor_gui\edit_mainwindow.ui">
      <Filter>Form Files</Filter>
    </CustomBuild>
    <CustomBuild Include="..\..\..\src\editor_gui\edit_mainwindow.h" />
    <CustomBuild Include="..\..\..\src\editor_gui\edit_render_context.h">
      <Filter>Widgets</Filter>
    </CustomBuild>
  </ItemGroup>
  <ItemGroup>
    <ClInclude Include="..\..\..\src\editor_gui\edit_gui.h" />
    <ClInclude Include="..\..\..\src\editor_gui\ui_edit_mainwindow.h">
      <Filter>Generated Files</Filter>
    </ClInclude>
  </ItemGroup>
</Project>