<?xml version="1.0" encoding="utf-8"?>
<Project ToolsVersion="4.0" xmlns="http://schemas.microsoft.com/developer/msbuild/2003">
  <ItemGroup>
    <Filter Include="Form Files">
      <UniqueIdentifier>{99349809-55BA-4b9d-BF79-8FDBB0286EB3}</UniqueIdentifier>
      <Extensions>ui</Extensions>
    </Filter>
    <Filter Include="Generated Files">
      <UniqueIdentifier>{71ED8ED8-ACB9-4CE9-BBE1-E00B30144E11}</UniqueIdentifier>
      <Extensions>moc;h;cpp</Extensions>
      <SourceControlFiles>False</SourceControlFiles>
    </Filter>
    <Filter Include="Widgets">
      <UniqueIdentifier>{a5bea1c9-0d0a-4d89-a6cf-ec3d3bd6cdc0}</UniqueIdentifier>
    </Filter>
    <Filter Include="Dialogs">
      <UniqueIdentifier>{d6fff685-65d5-4c1a-89f9-9a757479ecbe}</UniqueIdentifier>
    </Filter>
    <Filter Include="Widgets\Inspector">
      <UniqueIdentifier>{38ae8e22-8004-4fed-ac45-11a1a148b7f7}</UniqueIdentifier>
    </Filter>
    <Filter Include="Form Files\Inspector">
      <UniqueIdentifier>{6b50727c-1fa1-4ff6-86dd-c95526cdcb5d}</UniqueIdentifier>
    </Filter>
  </ItemGroup>
  <ItemGroup>
    <ClCompile Include="..\..\..\src\editor_gui\edit_gui.cpp" />
    <ClCompile Include="..\..\..\src\editor_gui\moc_edit_mainwindow.cpp">
      <Filter>Generated Files</Filter>
    </ClCompile>
    <ClCompile Include="..\..\..\src\editor_gui\edit_mainwindow.cpp" />
    <ClCompile Include="..\..\..\src\editor_gui\edit_render_context.cpp">
      <Filter>Widgets</Filter>
    </ClCompile>
    <ClCompile Include="..\..\..\src\editor_gui\moc_edit_render_context.cpp">
      <Filter>Generated Files</Filter>
    </ClCompile>
    <ClCompile Include="..\..\..\src\editor_gui\moc_edit_newscenedialog.cpp">
      <Filter>Generated Files</Filter>
    </ClCompile>
    <ClCompile Include="..\..\..\src\editor_gui\edit_scenegraph.cpp">
      <Filter>Widgets</Filter>
    </ClCompile>
    <ClCompile Include="..\..\..\src\editor_gui\moc_edit_scenegraph.cpp">
      <Filter>Generated Files</Filter>
    </ClCompile>
    <ClCompile Include="..\..\..\src\editor_gui\edit_inspector.cpp">
      <Filter>Widgets</Filter>
    </ClCompile>
    <ClCompile Include="..\..\..\src\editor_gui\moc_edit_inspector.cpp">
      <Filter>Generated Files</Filter>
    </ClCompile>
    <ClCompile Include="..\..\..\src\editor_gui\moc_edit_inspector_transformation.cpp">
      <Filter>Generated Files</Filter>
    </ClCompile>
    <ClCompile Include="..\..\..\src\editor_gui\edit_newscenedialog.cpp">
      <Filter>Dialogs</Filter>
    </ClCompile>
    <ClCompile Include="..\..\..\src\editor_gui\edit_inspector_transformation.cpp">
      <Filter>Widgets\Inspector</Filter>
    </ClCompile>
    <ClCompile Include="..\..\..\src\editor_gui\edit_inspector_pointlight.cpp">
      <Filter>Widgets\Inspector</Filter>
    </ClCompile>
    <ClCompile Include="..\..\..\src\editor_gui\moc_edit_inspector_pointlight.cpp">
      <Filter>Generated Files</Filter>
    </ClCompile>
    <ClCompile Include="..\..\..\src\editor_gui\edit_inspector_environment.cpp">
      <Filter>Widgets\Inspector</Filter>
    </ClCompile>
    <ClCompile Include="..\..\..\src\editor_gui\moc_edit_inspector_environment.cpp">
      <Filter>Generated Files</Filter>
    </ClCompile>
    <ClCompile Include="..\..\..\src\editor_gui\edit_inspector_globalprobe.cpp">
      <Filter>Widgets\Inspector</Filter>
    </ClCompile>
    <ClCompile Include="..\..\..\src\editor_gui\moc_edit_inspector_globalprobe.cpp">
      <Filter>Generated Files</Filter>
    </ClCompile>
    <ClCompile Include="..\..\..\src\editor_gui\edit_inspector_bloom.cpp">
      <Filter>Widgets\Inspector</Filter>
    </ClCompile>
    <ClCompile Include="..\..\..\src\editor_gui\moc_edit_inspector_bloom.cpp">
      <Filter>Generated Files</Filter>
    </ClCompile>
    <ClCompile Include="..\..\..\src\editor_gui\edit_inspector_dof.cpp">
      <Filter>Widgets\Inspector</Filter>
    </ClCompile>
    <ClCompile Include="..\..\..\src\editor_gui\moc_edit_inspector_dof.cpp">
      <Filter>Generated Files</Filter>
    </ClCompile>
    <ClCompile Include="..\..\..\src\editor_gui\edit_inspector_fxaa.cpp">
      <Filter>Widgets\Inspector</Filter>
    </ClCompile>
    <ClCompile Include="..\..\..\src\editor_gui\moc_edit_inspector_fxaa.cpp">
      <Filter>Generated Files</Filter>
    </ClCompile>
    <ClCompile Include="..\..\..\src\editor_gui\edit_inspector_ssr.cpp">
      <Filter>Widgets\Inspector</Filter>
    </ClCompile>
    <ClCompile Include="..\..\..\src\editor_gui\moc_edit_inspector_ssr.cpp">
      <Filter>Generated Files</Filter>
    </ClCompile>
    <ClCompile Include="..\..\..\src\editor_gui\edit_inspector_volumefog.cpp">
      <Filter>Widgets\Inspector</Filter>
    </ClCompile>
    <ClCompile Include="..\..\..\src\editor_gui\moc_edit_inspector_volumefog.cpp">
      <Filter>Generated Files</Filter>
    </ClCompile>
    <ClCompile Include="..\..\..\src\editor_gui\moc_edit_clickable_label.cpp">
      <Filter>Generated Files</Filter>
    </ClCompile>
    <ClCompile Include="..\..\..\src\editor_gui\edit_clickable_label.cpp">
      <Filter>Widgets</Filter>
    </ClCompile>
    <ClCompile Include="..\..\..\src\editor_gui\edit_inspector_sun.cpp">
      <Filter>Widgets\Inspector</Filter>
    </ClCompile>
    <ClCompile Include="..\..\..\src\editor_gui\moc_edit_inspector_sun.cpp">
      <Filter>Generated Files</Filter>
    </ClCompile>
    <ClCompile Include="..\..\..\src\editor_gui\edit_inspector_entity.cpp">
      <Filter>Widgets\Inspector</Filter>
    </ClCompile>
    <ClCompile Include="..\..\..\src\editor_gui\moc_edit_inspector_entity.cpp">
      <Filter>Generated Files</Filter>
    </ClCompile>
    <ClCompile Include="..\..\..\src\editor_gui\edit_inspector_material.cpp">
      <Filter>Widgets\Inspector</Filter>
    </ClCompile>
    <ClCompile Include="..\..\..\src\editor_gui\moc_edit_inspector_material.cpp">
      <Filter>Generated Files</Filter>
    </ClCompile>
  </ItemGroup>
  <ItemGroup>
    <CustomBuild Include="..\..\..\src\editor_gui\edit_mainwindow.ui">
      <Filter>Form Files</Filter>
    </CustomBuild>
    <CustomBuild Include="..\..\..\src\editor_gui\edit_mainwindow.h" />
    <CustomBuild Include="..\..\..\src\editor_gui\edit_render_context.h">
      <Filter>Widgets</Filter>
    </CustomBuild>
    <CustomBuild Include="..\..\..\src\editor_gui\edit_newscenedialog.ui">
      <Filter>Form Files</Filter>
    </CustomBuild>
    <CustomBuild Include="..\..\..\src\editor_gui\edit_scenegraph.h">
      <Filter>Widgets</Filter>
    </CustomBuild>
    <CustomBuild Include="..\..\..\src\editor_gui\edit_inspector.h">
      <Filter>Widgets</Filter>
    </CustomBuild>
    <CustomBuild Include="..\..\..\src\editor_gui\edit_newscenedialog.h">
      <Filter>Dialogs</Filter>
    </CustomBuild>
    <CustomBuild Include="..\..\..\src\editor_gui\edit_inspector_transformation.h">
      <Filter>Widgets\Inspector</Filter>
    </CustomBuild>
    <CustomBuild Include="..\..\..\src\editor_gui\edit_inspector_pointlight.h">
      <Filter>Widgets\Inspector</Filter>
    </CustomBuild>
    <CustomBuild Include="..\..\..\src\editor_gui\edit_inspector_environment.h">
      <Filter>Widgets\Inspector</Filter>
    </CustomBuild>
    <CustomBuild Include="..\..\..\src\editor_gui\edit_inspector_globalprobe.h">
      <Filter>Widgets\Inspector</Filter>
    </CustomBuild>
    <CustomBuild Include="..\..\..\src\editor_gui\edit_inspector_bloom.h">
      <Filter>Widgets\Inspector</Filter>
    </CustomBuild>
    <CustomBuild Include="..\..\..\src\editor_gui\edit_inspector_dof.h">
      <Filter>Widgets\Inspector</Filter>
    </CustomBuild>
    <CustomBuild Include="..\..\..\src\editor_gui\edit_inspector_fxaa.h">
      <Filter>Widgets\Inspector</Filter>
    </CustomBuild>
    <CustomBuild Include="..\..\..\src\editor_gui\edit_inspector_ssr.h">
      <Filter>Widgets\Inspector</Filter>
    </CustomBuild>
    <CustomBuild Include="..\..\..\src\editor_gui\edit_inspector_volumefog.h">
      <Filter>Widgets\Inspector</Filter>
    </CustomBuild>
    <CustomBuild Include="..\..\..\src\editor_gui\edit_clickable_label.h">
      <Filter>Widgets</Filter>
    </CustomBuild>
    <CustomBuild Include="..\..\..\src\editor_gui\edit_inspector_bloom.ui">
      <Filter>Form Files\Inspector</Filter>
    </CustomBuild>
    <CustomBuild Include="..\..\..\src\editor_gui\edit_inspector_dof.ui">
      <Filter>Form Files\Inspector</Filter>
    </CustomBuild>
    <CustomBuild Include="..\..\..\src\editor_gui\edit_inspector_environment.ui">
      <Filter>Form Files\Inspector</Filter>
    </CustomBuild>
    <CustomBuild Include="..\..\..\src\editor_gui\edit_inspector_fxaa.ui">
      <Filter>Form Files\Inspector</Filter>
    </CustomBuild>
    <CustomBuild Include="..\..\..\src\editor_gui\edit_inspector_globalprobe.ui">
      <Filter>Form Files\Inspector</Filter>
    </CustomBuild>
    <CustomBuild Include="..\..\..\src\editor_gui\edit_inspector_pointlight.ui">
      <Filter>Form Files\Inspector</Filter>
    </CustomBuild>
    <CustomBuild Include="..\..\..\src\editor_gui\edit_inspector_ssr.ui">
      <Filter>Form Files\Inspector</Filter>
    </CustomBuild>
    <CustomBuild Include="..\..\..\src\editor_gui\edit_inspector_sun.ui">
      <Filter>Form Files\Inspector</Filter>
    </CustomBuild>
    <CustomBuild Include="..\..\..\src\editor_gui\edit_inspector_transformation.ui">
      <Filter>Form Files\Inspector</Filter>
    </CustomBuild>
    <CustomBuild Include="..\..\..\src\editor_gui\edit_inspector_volumefog.ui">
      <Filter>Form Files\Inspector</Filter>
    </CustomBuild>
    <CustomBuild Include="..\..\..\src\editor_gui\edit_inspector_sun.h">
      <Filter>Widgets\Inspector</Filter>
    </CustomBuild>
    <CustomBuild Include="..\..\..\src\editor_gui\edit_inspector_entity.ui">
      <Filter>Form Files\Inspector</Filter>
    </CustomBuild>
    <CustomBuild Include="..\..\..\src\editor_gui\edit_inspector_entity.h">
      <Filter>Widgets\Inspector</Filter>
    </CustomBuild>
    <CustomBuild Include="..\..\..\src\editor_gui\edit_inspector_material.ui">
      <Filter>Form Files\Inspector</Filter>
    </CustomBuild>
    <CustomBuild Include="..\..\..\src\editor_gui\edit_inspector_material.h">
      <Filter>Widgets\Inspector</Filter>
    </CustomBuild>
    <CustomBuild Include="..\..\..\src\editor_gui\edit_inspector_camera.ui">
      <Filter>Form Files\Inspector</Filter>
    </CustomBuild>
    <CustomBuild Include="..\..\..\src\editor_gui\edit_inspector_arcontroller.ui">
      <Filter>Form Files\Inspector</Filter>
    </CustomBuild>
    <CustomBuild Include="..\..\..\src\editor_gui\edit_inspector_arcontroller_marker.ui">
      <Filter>Form Files\Inspector</Filter>
    </CustomBuild>
    <CustomBuild Include="..\..\..\src\editor_gui\edit_inspector_artrackedobject.ui">
      <Filter>Form Files\Inspector</Filter>
    </CustomBuild>
  </ItemGroup>
  <ItemGroup>
    <ClInclude Include="..\..\..\src\editor_gui\edit_gui.h" />
    <ClInclude Include="..\..\..\src\editor_gui\ui_edit_mainwindow.h">
      <Filter>Generated Files</Filter>
    </ClInclude>
    <ClInclude Include="..\..\..\src\editor_gui\ui_edit_newscenedialog.h">
      <Filter>Generated Files</Filter>
    </ClInclude>
    <ClInclude Include="..\..\..\src\editor_gui\ui_edit_inspector_transformation.h">
      <Filter>Generated Files</Filter>
    </ClInclude>
    <ClInclude Include="..\..\..\src\editor_gui\ui_edit_inspector_pointlight.h">
      <Filter>Generated Files</Filter>
    </ClInclude>
    <ClInclude Include="..\..\..\src\editor_gui\ui_edit_inspector_environment.h">
      <Filter>Generated Files</Filter>
    </ClInclude>
    <ClInclude Include="..\..\..\src\editor_gui\ui_edit_inspector_globalprobe.h">
      <Filter>Generated Files</Filter>
    </ClInclude>
    <ClInclude Include="..\..\..\src\editor_gui\ui_edit_inspector_bloom.h">
      <Filter>Generated Files</Filter>
    </ClInclude>
    <ClInclude Include="..\..\..\src\editor_gui\ui_edit_inspector_ssr.h">
      <Filter>Generated Files</Filter>
    </ClInclude>
    <ClInclude Include="..\..\..\src\editor_gui\ui_edit_inspector_dof.h">
      <Filter>Generated Files</Filter>
    </ClInclude>
    <ClInclude Include="..\..\..\src\editor_gui\ui_edit_inspector_fxaa.h">
      <Filter>Generated Files</Filter>
    </ClInclude>
    <ClInclude Include="..\..\..\src\editor_gui\ui_edit_inspector_volumefog.h">
      <Filter>Generated Files</Filter>
    </ClInclude>
    <ClInclude Include="..\..\..\src\editor_gui\ui_edit_inspector_sun.h">
      <Filter>Generated Files</Filter>
    </ClInclude>
    <ClInclude Include="..\..\..\src\editor_gui\ui_edit_inspector_entity.h">
      <Filter>Generated Files</Filter>
    </ClInclude>
    <ClInclude Include="..\..\..\src\editor_gui\ui_edit_inspector_material.h">
      <Filter>Generated Files</Filter>
    </ClInclude>
    <ClInclude Include="..\..\..\src\editor_gui\ui_edit_inspector_camera.h">
      <Filter>Generated Files</Filter>
    </ClInclude>
    <ClInclude Include="..\..\..\src\editor_gui\ui_edit_inspector_arcontroller.h">
      <Filter>Generated Files</Filter>
    </ClInclude>
    <ClInclude Include="..\..\..\src\editor_gui\ui_edit_inspector_arcontroller_marker.h">
      <Filter>Generated Files</Filter>
    </ClInclude>
    <ClInclude Include="..\..\..\src\editor_gui\ui_edit_inspector_artrackedobject.h">
      <Filter>Generated Files</Filter>
    </ClInclude>
  </ItemGroup>
</Project>