<?xml version="1.0" encoding="utf-8"?>
<Project ToolsVersion="4.0" xmlns="http://schemas.microsoft.com/developer/msbuild/2003">
  <ItemGroup>
    <ClCompile Include="..\..\..\src\editor_gui\edit_asset_browser.cpp" />
    <ClCompile Include="..\..\..\src\editor_gui\edit_asset_file_list.cpp" />
    <ClCompile Include="..\..\..\src\editor_gui\edit_clickable_label.cpp" />
    <ClCompile Include="..\..\..\src\editor_gui\edit_gui.cpp" />
    <ClCompile Include="..\..\..\src\editor_gui\edit_inspector.cpp" />
    <ClCompile Include="..\..\..\src\editor_gui\edit_inspector_arcontroller.cpp" />
    <ClCompile Include="..\..\..\src\editor_gui\edit_inspector_arcontroller_marker.cpp" />
    <ClCompile Include="..\..\..\src\editor_gui\edit_inspector_arealight.cpp" />
    <ClCompile Include="..\..\..\src\editor_gui\edit_inspector_bloom.cpp" />
    <ClCompile Include="..\..\..\src\editor_gui\edit_inspector_camera.cpp" />
    <ClCompile Include="..\..\..\src\editor_gui\edit_inspector_dof.cpp" />
    <ClCompile Include="..\..\..\src\editor_gui\edit_inspector_entity.cpp" />
    <ClCompile Include="..\..\..\src\editor_gui\edit_inspector_environment.cpp" />
    <ClCompile Include="..\..\..\src\editor_gui\edit_inspector_post_aa.cpp" />
    <ClCompile Include="..\..\..\src\editor_gui\edit_inspector_light_probe.cpp" />
    <ClCompile Include="..\..\..\src\editor_gui\edit_inspector_material.cpp" />
    <ClCompile Include="..\..\..\src\editor_gui\edit_inspector_pointlight.cpp" />
    <ClCompile Include="..\..\..\src\editor_gui\edit_inspector_slam.cpp" />
    <ClCompile Include="..\..\..\src\editor_gui\edit_inspector_ssr.cpp" />
    <ClCompile Include="..\..\..\src\editor_gui\edit_inspector_sun.cpp" />
    <ClCompile Include="..\..\..\src\editor_gui\edit_inspector_texture.cpp" />
    <ClCompile Include="..\..\..\src\editor_gui\edit_inspector_transformation.cpp" />
    <ClCompile Include="..\..\..\src\editor_gui\edit_inspector_volumefog.cpp" />
    <ClCompile Include="..\..\..\src\editor_gui\edit_mainwindow.cpp" />
    <ClCompile Include="..\..\..\src\editor_gui\edit_newscenedialog.cpp" />
    <ClCompile Include="..\..\..\src\editor_gui\edit_render_context.cpp" />
    <ClCompile Include="..\..\..\src\editor_gui\edit_scenegraph.cpp" />
    <ClCompile Include="..\..\..\src\editor_gui\edit_texture_value.cpp" />
    <ClCompile Include="..\..\..\src\editor_gui\edit_tone_mapping.cpp" />
    <ClCompile Include="..\..\..\src\editor_gui\moc_edit_asset_browser.cpp" />
    <ClCompile Include="..\..\..\src\editor_gui\moc_edit_asset_file_list.cpp" />
    <ClCompile Include="..\..\..\src\editor_gui\moc_edit_clickable_label.cpp" />
    <ClCompile Include="..\..\..\src\editor_gui\moc_edit_inspector.cpp" />
    <ClCompile Include="..\..\..\src\editor_gui\moc_edit_inspector_arcontroller.cpp" />
    <ClCompile Include="..\..\..\src\editor_gui\moc_edit_inspector_arcontroller_marker.cpp" />
    <ClCompile Include="..\..\..\src\editor_gui\moc_edit_inspector_arealight.cpp" />
    <ClCompile Include="..\..\..\src\editor_gui\moc_edit_inspector_bloom.cpp" />
    <ClCompile Include="..\..\..\src\editor_gui\moc_edit_inspector_camera.cpp" />
    <ClCompile Include="..\..\..\src\editor_gui\moc_edit_inspector_dof.cpp" />
    <ClCompile Include="..\..\..\src\editor_gui\moc_edit_inspector_entity.cpp" />
    <ClCompile Include="..\..\..\src\editor_gui\moc_edit_inspector_environment.cpp" />
    <ClCompile Include="..\..\..\src\editor_gui\moc_edit_inspector_light_probe.cpp" />
    <ClCompile Include="..\..\..\src\editor_gui\moc_edit_inspector_material.cpp" />
    <ClCompile Include="..\..\..\src\editor_gui\moc_edit_inspector_pointlight.cpp" />
    <ClCompile Include="..\..\..\src\editor_gui\moc_edit_inspector_post_aa.cpp" />
    <ClCompile Include="..\..\..\src\editor_gui\moc_edit_inspector_slam.cpp" />
    <ClCompile Include="..\..\..\src\editor_gui\moc_edit_inspector_ssr.cpp" />
    <ClCompile Include="..\..\..\src\editor_gui\moc_edit_inspector_sun.cpp" />
    <ClCompile Include="..\..\..\src\editor_gui\moc_edit_inspector_texture.cpp" />
    <ClCompile Include="..\..\..\src\editor_gui\moc_edit_inspector_transformation.cpp" />
    <ClCompile Include="..\..\..\src\editor_gui\moc_edit_inspector_volumefog.cpp" />
    <ClCompile Include="..\..\..\src\editor_gui\moc_edit_mainwindow.cpp" />
    <ClCompile Include="..\..\..\src\editor_gui\moc_edit_newscenedialog.cpp" />
    <ClCompile Include="..\..\..\src\editor_gui\moc_edit_render_context.cpp" />
    <ClCompile Include="..\..\..\src\editor_gui\moc_edit_scenegraph.cpp" />
    <ClCompile Include="..\..\..\src\editor_gui\moc_edit_texture_value.cpp" />
    <ClCompile Include="..\..\..\src\editor_gui\moc_edit_tone_mapping.cpp" />
  </ItemGroup>
  <ItemGroup>
    <ClInclude Include="..\..\..\src\editor_gui\ui_edit_inspector_area_light.h" />
    <ClInclude Include="..\..\..\src\editor_gui\ui_edit_inspector_light_probe.h" />
    <ClInclude Include="..\..\..\src\editor_gui\ui_edit_inspector_point_light.h" />
    <ClInclude Include="..\..\..\src\editor_gui\ui_edit_tone_mapping.h" />
    <ClInclude Include="..\..\..\src\editor_gui\ui_edit_inspector_arealight.h" />
    <ClInclude Include="..\..\..\src\editor_gui\ui_edit_inspector_slam.h" />
    <ClInclude Include="..\..\..\src\editor_gui\ui_edit_inspector_texture.h" />
    <ClInclude Include="..\..\..\src\editor_gui\ui_edit_texture_value.h" />
    <ClInclude Include="..\..\..\src\editor_gui\edit_gui.h" />
    <ClInclude Include="..\..\..\src\editor_gui\ui_edit_asset_browser.h" />
    <ClInclude Include="..\..\..\src\editor_gui\ui_edit_inspector.h" />
    <ClInclude Include="..\..\..\src\editor_gui\ui_edit_inspector_arcontroller.h" />
    <ClInclude Include="..\..\..\src\editor_gui\ui_edit_inspector_arcontroller_marker.h" />
    <ClInclude Include="..\..\..\src\editor_gui\ui_edit_inspector_artrackedobject.h" />
    <ClInclude Include="..\..\..\src\editor_gui\ui_edit_inspector_bloom.h" />
    <ClInclude Include="..\..\..\src\editor_gui\ui_edit_inspector_camera.h" />
    <ClInclude Include="..\..\..\src\editor_gui\ui_edit_inspector_dof.h" />
    <ClInclude Include="..\..\..\src\editor_gui\ui_edit_inspector_entity.h" />
    <ClInclude Include="..\..\..\src\editor_gui\ui_edit_inspector_environment.h" />
    <ClInclude Include="..\..\..\src\editor_gui\ui_edit_inspector_material.h" />
    <ClInclude Include="..\..\..\src\editor_gui\ui_edit_inspector_post_aa.h" />
    <ClInclude Include="..\..\..\src\editor_gui\ui_edit_inspector_ssr.h" />
    <ClInclude Include="..\..\..\src\editor_gui\ui_edit_inspector_sun.h" />
    <ClInclude Include="..\..\..\src\editor_gui\ui_edit_inspector_transformation.h" />
    <ClInclude Include="..\..\..\src\editor_gui\ui_edit_inspector_volumefog.h" />
    <ClInclude Include="..\..\..\src\editor_gui\ui_edit_mainwindow.h" />
    <ClInclude Include="..\..\..\src\editor_gui\ui_edit_newscenedialog.h" />
  </ItemGroup>
  <ItemGroup>
    <CustomBuild Include="..\..\..\src\editor_gui\edit_mainwindow.ui" />
    <CustomBuild Include="..\..\..\src\editor_gui\edit_tone_mapping.h" />
    <CustomBuild Include="..\..\..\src\editor_gui\edit_texture_value.h" />
    <CustomBuild Include="..\..\..\src\editor_gui\edit_asset_file_list.h" />
    <CustomBuild Include="..\..\..\src\editor_gui\edit_inspector_texture.h" />
    <CustomBuild Include="..\..\..\src\editor_gui\edit_inspector_arealight.h" />
    <CustomBuild Include="..\..\..\src\editor_gui\edit_inspector_slam.h" />
    <CustomBuild Include="..\..\..\src\editor_gui\edit_clickable_label.h" />
    <CustomBuild Include="..\..\..\src\editor_gui\edit_asset_browser.h" />
    <CustomBuild Include="..\..\..\src\editor_gui\edit_newscenedialog.h" />
    <CustomBuild Include="..\..\..\src\editor_gui\edit_scenegraph.h" />
    <CustomBuild Include="..\..\..\src\editor_gui\edit_inspector.h" />
    <CustomBuild Include="..\..\..\src\editor_gui\edit_inspector_transformation.h" />
    <CustomBuild Include="..\..\..\src\editor_gui\edit_inspector_pointlight.h" />
    <CustomBuild Include="..\..\..\src\editor_gui\edit_inspector_environment.h" />
    <CustomBuild Include="..\..\..\src\editor_gui\edit_inspector_light_probe.h" />
    <CustomBuild Include="..\..\..\src\editor_gui\edit_inspector_bloom.h" />
    <CustomBuild Include="..\..\..\src\editor_gui\edit_inspector_dof.h" />
    <CustomBuild Include="..\..\..\src\editor_gui\edit_inspector_post_aa.h" />
    <CustomBuild Include="..\..\..\src\editor_gui\edit_inspector_ssr.h" />
    <CustomBuild Include="..\..\..\src\editor_gui\edit_inspector_volumefog.h" />
    <CustomBuild Include="..\..\..\src\editor_gui\edit_inspector_sun.h" />
    <CustomBuild Include="..\..\..\src\editor_gui\edit_inspector_entity.h" />
    <CustomBuild Include="..\..\..\src\editor_gui\edit_inspector_material.h" />
    <CustomBuild Include="..\..\..\src\editor_gui\edit_inspector_camera.h" />
    <CustomBuild Include="..\..\..\src\editor_gui\edit_inspector_arcontroller.h" />
    <CustomBuild Include="..\..\..\src\editor_gui\edit_inspector_arcontroller_marker.h" />
    <CustomBuild Include="..\..\..\src\editor_gui\edit_render_context.h" />
    <CustomBuild Include="..\..\..\src\editor_gui\edit_mainwindow.h" />
    <CustomBuild Include="..\..\..\src\editor_gui\edit_newscenedialog.ui" />
    <CustomBuild Include="..\..\..\src\editor_gui\edit_inspector_transformation.ui" />
    <CustomBuild Include="..\..\..\src\editor_gui\edit_inspector_point_light.ui" />
    <CustomBuild Include="..\..\..\src\editor_gui\edit_inspector_environment.ui" />
    <CustomBuild Include="..\..\..\src\editor_gui\edit_inspector_light_probe.ui" />
    <CustomBuild Include="..\..\..\src\editor_gui\edit_inspector_bloom.ui" />
    <CustomBuild Include="..\..\..\src\editor_gui\edit_inspector_ssr.ui" />
    <CustomBuild Include="..\..\..\src\editor_gui\edit_inspector_dof.ui" />
    <CustomBuild Include="..\..\..\src\editor_gui\edit_inspector_post_aa.ui" />
    <CustomBuild Include="..\..\..\src\editor_gui\edit_inspector_volumefog.ui" />
    <CustomBuild Include="..\..\..\src\editor_gui\edit_inspector_sun.ui" />
    <CustomBuild Include="..\..\..\src\editor_gui\edit_inspector_entity.ui" />
    <CustomBuild Include="..\..\..\src\editor_gui\edit_inspector_material.ui" />
    <CustomBuild Include="..\..\..\src\editor_gui\edit_inspector_camera.ui" />
    <CustomBuild Include="..\..\..\src\editor_gui\edit_inspector_arcontroller.ui" />
    <CustomBuild Include="..\..\..\src\editor_gui\edit_inspector_arcontroller_marker.ui" />
    <CustomBuild Include="..\..\..\src\editor_gui\edit_inspector_artrackedobject.ui" />
    <CustomBuild Include="..\..\..\src\editor_gui\edit_asset_browser.ui" />
    <CustomBuild Include="..\..\..\src\editor_gui\edit_inspector.ui" />
    <CustomBuild Include="..\..\..\src\editor_gui\edit_texture_value.ui" />
    <CustomBuild Include="..\..\..\src\editor_gui\edit_inspector_texture.ui" />
    <CustomBuild Include="..\..\..\src\editor_gui\edit_inspector_area_light.ui" />
    <CustomBuild Include="..\..\..\src\editor_gui\edit_inspector_slam.ui" />
    <CustomBuild Include="..\..\..\src\editor_gui\edit_tone_mapping.ui" />
  </ItemGroup>
</Project>