<?xml version="1.0" encoding="utf-8"?>
<Project ToolsVersion="4.0" xmlns="http://schemas.microsoft.com/developer/msbuild/2003">
  <ItemGroup>
    <Filter Include="states">
      <UniqueIdentifier>{7807dec5-a560-497a-89fa-d6fa102e7bc5}</UniqueIdentifier>
    </Filter>
    <Filter Include="gui">
      <UniqueIdentifier>{9614303a-16dd-45bb-9d4e-e6f6a8eb1fff}</UniqueIdentifier>
    </Filter>
    <Filter Include="gui\panels">
      <UniqueIdentifier>{7f59819c-41d3-449b-b8c2-d20d553dab5b}</UniqueIdentifier>
    </Filter>
    <Filter Include="gui\factory">
      <UniqueIdentifier>{08250363-5a86-4bc0-9537-a41aae3d5ca8}</UniqueIdentifier>
    </Filter>
    <Filter Include="gui\objects">
      <UniqueIdentifier>{d7c4b4c4-40a1-48ce-9d4c-8bcc4a07853d}</UniqueIdentifier>
    </Filter>
    <Filter Include="gui\objects\data">
      <UniqueIdentifier>{e2a91126-efe8-4c03-8fea-aa55d11e5f6f}</UniqueIdentifier>
    </Filter>
    <Filter Include="gui\objects\scripts">
      <UniqueIdentifier>{548c3b3f-4325-4419-b204-0c560681ba61}</UniqueIdentifier>
    </Filter>
    <Filter Include="gui\native">
      <UniqueIdentifier>{904bb3ad-33d3-4144-8fde-4694febcbb0c}</UniqueIdentifier>
    </Filter>
    <Filter Include="gui\objects\data\components">
      <UniqueIdentifier>{6a2db214-29a6-4b26-8ba4-7d1eeee7d8db}</UniqueIdentifier>
    </Filter>
    <Filter Include="gui\objects\data\components\camera">
      <UniqueIdentifier>{7bda0502-5935-459e-bd21-ae0d81fe1d01}</UniqueIdentifier>
    </Filter>
    <Filter Include="gui\objects\data\components\fx">
      <UniqueIdentifier>{536ab1e5-a436-4efa-98b7-b42be70fd138}</UniqueIdentifier>
    </Filter>
    <Filter Include="gui\objects\data\components\lights">
      <UniqueIdentifier>{20cd0448-9716-477e-8f38-2dee4618d759}</UniqueIdentifier>
    </Filter>
    <Filter Include="gui\objects\data\facets">
      <UniqueIdentifier>{84953982-0877-4423-b436-17d1739b086a}</UniqueIdentifier>
    </Filter>
    <Filter Include="gui\objects\data\components\model">
      <UniqueIdentifier>{ec06401f-5c0c-4c7d-9ddb-7b2385561cbd}</UniqueIdentifier>
    </Filter>
  </ItemGroup>
  <ItemGroup>
    <ClCompile Include="..\..\..\src\editor_imgui\edit_edit_state.cpp">
      <Filter>states</Filter>
    </ClCompile>
    <ClCompile Include="..\..\..\src\editor_imgui\edit_exit_state.cpp">
      <Filter>states</Filter>
    </ClCompile>
    <ClCompile Include="..\..\..\src\editor_imgui\edit_intro_state.cpp">
      <Filter>states</Filter>
    </ClCompile>
    <ClCompile Include="..\..\..\src\editor_imgui\edit_load_map_state.cpp">
      <Filter>states</Filter>
    </ClCompile>
    <ClCompile Include="..\..\..\src\editor_imgui\edit_play_state.cpp">
      <Filter>states</Filter>
    </ClCompile>
    <ClCompile Include="..\..\..\src\editor_imgui\edit_start_state.cpp">
      <Filter>states</Filter>
    </ClCompile>
    <ClCompile Include="..\..\..\src\editor_imgui\edit_unload_map_state.cpp">
      <Filter>states</Filter>
    </ClCompile>
    <ClCompile Include="..\..\..\src\editor_imgui\edit_main.cpp" />
    <ClCompile Include="..\..\..\src\editor_imgui\edit_application.cpp" />
    <ClCompile Include="..\..\..\src\editor_imgui\edit_precompiled.cpp" />
    <ClCompile Include="..\..\..\src\editor_imgui\edit_gui.cpp">
      <Filter>gui</Filter>
    </ClCompile>
    <ClCompile Include="..\..\..\src\editor_imgui\edit_inspector_panel.cpp">
      <Filter>gui\panels</Filter>
    </ClCompile>
    <ClCompile Include="..\..\..\src\editor_imgui\edit_data_entity.cpp">
      <Filter>gui\objects\data</Filter>
    </ClCompile>
    <ClCompile Include="..\..\..\src\editor_imgui\edit_script_slam.cpp">
      <Filter>gui\objects\scripts</Filter>
    </ClCompile>
    <ClCompile Include="..\..\..\src\editor_imgui\edit_scene_graph_panel.cpp">
      <Filter>gui\panels</Filter>
    </ClCompile>
    <ClCompile Include="..\..\..\src\editor_imgui\imgui\imgui.cpp">
      <Filter>gui\native</Filter>
    </ClCompile>
    <ClCompile Include="..\..\..\src\editor_imgui\imgui\imgui_demo.cpp">
      <Filter>gui\native</Filter>
    </ClCompile>
    <ClCompile Include="..\..\..\src\editor_imgui\imgui\imgui_draw.cpp">
      <Filter>gui\native</Filter>
    </ClCompile>
    <ClCompile Include="..\..\..\src\editor_imgui\imgui\imgui_widgets.cpp">
      <Filter>gui\native</Filter>
    </ClCompile>
    <ClCompile Include="..\..\..\src\editor_imgui\imgui\imgui_impl_opengl.cpp">
      <Filter>gui\native</Filter>
    </ClCompile>
    <ClCompile Include="..\..\..\src\editor_imgui\imgui\imgui_impl_sdl.cpp">
      <Filter>gui\native</Filter>
    </ClCompile>
    <ClCompile Include="..\..\..\src\editor_imgui\edit_infos_panel.cpp">
      <Filter>gui\panels</Filter>
    </ClCompile>
    <ClCompile Include="..\..\..\src\editor_imgui\edit_data_camera_component.cpp">
      <Filter>gui\objects\data\components\camera</Filter>
    </ClCompile>
    <ClCompile Include="..\..\..\src\editor_imgui\edit_data_bloom_component.cpp">
      <Filter>gui\objects\data\components\fx</Filter>
    </ClCompile>
    <ClCompile Include="..\..\..\src\editor_imgui\edit_data_area_light_component.cpp">
      <Filter>gui\objects\data\components\lights</Filter>
    </ClCompile>
    <ClCompile Include="..\..\..\src\editor_imgui\edit_data_light_probe_component.cpp">
      <Filter>gui\objects\data\components\lights</Filter>
    </ClCompile>
    <ClCompile Include="..\..\..\src\editor_imgui\edit_data_point_light_component.cpp">
      <Filter>gui\objects\data\components\lights</Filter>
    </ClCompile>
    <ClCompile Include="..\..\..\src\editor_imgui\edit_data_sky_component.cpp">
      <Filter>gui\objects\data\components\lights</Filter>
    </ClCompile>
    <ClCompile Include="..\..\..\src\editor_imgui\edit_data_sun_component.cpp">
      <Filter>gui\objects\data\components\lights</Filter>
    </ClCompile>
    <ClCompile Include="..\..\..\src\editor_imgui\edit_data_transformation_facet.cpp">
      <Filter>gui\objects\data\facets</Filter>
    </ClCompile>
    <ClCompile Include="..\..\..\src\editor_imgui\edit_data_mesh_component.cpp">
      <Filter>gui\objects\data\components\model</Filter>
    </ClCompile>
    <ClCompile Include="..\..\..\src\editor_imgui\edit_data_material_component.cpp">
      <Filter>gui\objects\data\components\model</Filter>
    </ClCompile>
    <ClCompile Include="..\..\..\src\editor_imgui\edit_data_dof_component.cpp">
      <Filter>gui\objects\data\components\fx</Filter>
    </ClCompile>
    <ClCompile Include="..\..\..\src\editor_imgui\edit_data_post_aa_component.cpp">
      <Filter>gui\objects\data\components\fx</Filter>
    </ClCompile>
    <ClCompile Include="..\..\..\src\editor_imgui\edit_data_ssao_component.cpp">
      <Filter>gui\objects\data\components\fx</Filter>
    </ClCompile>
    <ClCompile Include="..\..\..\src\editor_imgui\edit_data_ssr_component.cpp">
      <Filter>gui\objects\data\components\fx</Filter>
    </ClCompile>
    <ClCompile Include="..\..\..\src\editor_imgui\edit_data_volume_fog_component.cpp">
      <Filter>gui\objects\data\components\fx</Filter>
    </ClCompile>
  </ItemGroup>
  <ItemGroup>
    <ClInclude Include="..\..\..\src\editor_imgui\edit_edit_state.h">
      <Filter>states</Filter>
    </ClInclude>
    <ClInclude Include="..\..\..\src\editor_imgui\edit_exit_state.h">
      <Filter>states</Filter>
    </ClInclude>
    <ClInclude Include="..\..\..\src\editor_imgui\edit_intro_state.h">
      <Filter>states</Filter>
    </ClInclude>
    <ClInclude Include="..\..\..\src\editor_imgui\edit_load_map_state.h">
      <Filter>states</Filter>
    </ClInclude>
    <ClInclude Include="..\..\..\src\editor_imgui\edit_play_state.h">
      <Filter>states</Filter>
    </ClInclude>
    <ClInclude Include="..\..\..\src\editor_imgui\edit_start_state.h">
      <Filter>states</Filter>
    </ClInclude>
    <ClInclude Include="..\..\..\src\editor_imgui\edit_state.h">
      <Filter>states</Filter>
    </ClInclude>
    <ClInclude Include="..\..\..\src\editor_imgui\edit_unload_map_state.h">
      <Filter>states</Filter>
    </ClInclude>
    <ClInclude Include="..\..\..\src\editor_imgui\edit_application.h" />
    <ClInclude Include="..\..\..\src\editor_imgui\edit_precompiled.h" />
    <ClInclude Include="..\..\..\src\editor_imgui\edit_gui.h">
      <Filter>gui</Filter>
    </ClInclude>
    <ClInclude Include="..\..\..\src\editor_imgui\edit_inspector_panel.h">
      <Filter>gui\panels</Filter>
    </ClInclude>
    <ClInclude Include="..\..\..\src\editor_imgui\edit_gui_factory.h">
      <Filter>gui\factory</Filter>
    </ClInclude>
    <ClInclude Include="..\..\..\src\editor_imgui\edit_data_entity.h">
      <Filter>gui\objects\data</Filter>
    </ClInclude>
    <ClInclude Include="..\..\..\src\editor_imgui\edit_script_slam.h">
      <Filter>gui\objects\scripts</Filter>
    </ClInclude>
    <ClInclude Include="..\..\..\src\editor_imgui\edit_scene_graph_panel.h">
      <Filter>gui\panels</Filter>
    </ClInclude>
    <ClInclude Include="..\..\..\src\editor_imgui\imgui\imconfig.h">
      <Filter>gui\native</Filter>
    </ClInclude>
    <ClInclude Include="..\..\..\src\editor_imgui\imgui\imgui.h">
      <Filter>gui\native</Filter>
    </ClInclude>
    <ClInclude Include="..\..\..\src\editor_imgui\imgui\imgui_internal.h">
      <Filter>gui\native</Filter>
    </ClInclude>
    <ClInclude Include="..\..\..\src\editor_imgui\imgui\imstb_rectpack.h">
      <Filter>gui\native</Filter>
    </ClInclude>
    <ClInclude Include="..\..\..\src\editor_imgui\imgui\imstb_textedit.h">
      <Filter>gui\native</Filter>
    </ClInclude>
    <ClInclude Include="..\..\..\src\editor_imgui\imgui\imstb_truetype.h">
      <Filter>gui\native</Filter>
    </ClInclude>
    <ClInclude Include="..\..\..\src\editor_imgui\imgui\imgui_impl_opengl.h">
      <Filter>gui\native</Filter>
    </ClInclude>
    <ClInclude Include="..\..\..\src\editor_imgui\imgui\imgui_impl_sdl.h">
      <Filter>gui\native</Filter>
    </ClInclude>
    <ClInclude Include="..\..\..\src\editor_imgui\edit_infos_panel.h">
      <Filter>gui\panels</Filter>
    </ClInclude>
    <ClInclude Include="..\..\..\src\editor_imgui\edit_panel_interface.h">
      <Filter>gui\panels</Filter>
    </ClInclude>
    <ClInclude Include="..\..\..\src\editor_imgui\edit_data_camera_component.h">
      <Filter>gui\objects\data\components\camera</Filter>
    </ClInclude>
    <ClInclude Include="..\..\..\src\editor_imgui\edit_data_bloom_component.h">
      <Filter>gui\objects\data\components\fx</Filter>
    </ClInclude>
    <ClInclude Include="..\..\..\src\editor_imgui\edit_data_area_light_component.h">
      <Filter>gui\objects\data\components\lights</Filter>
    </ClInclude>
    <ClInclude Include="..\..\..\src\editor_imgui\edit_data_light_probe_component.h">
      <Filter>gui\objects\data\components\lights</Filter>
    </ClInclude>
    <ClInclude Include="..\..\..\src\editor_imgui\edit_data_point_light_component.h">
      <Filter>gui\objects\data\components\lights</Filter>
    </ClInclude>
    <ClInclude Include="..\..\..\src\editor_imgui\edit_data_sky_component.h">
      <Filter>gui\objects\data\components\lights</Filter>
    </ClInclude>
    <ClInclude Include="..\..\..\src\editor_imgui\edit_data_sun_component.h">
      <Filter>gui\objects\data\components\lights</Filter>
    </ClInclude>
    <ClInclude Include="..\..\..\src\editor_imgui\edit_data_transformation_facet.h">
      <Filter>gui\objects\data\facets</Filter>
    </ClInclude>
    <ClInclude Include="..\..\..\src\editor_imgui\edit_data_mesh_component.h">
      <Filter>gui\objects\data\components\model</Filter>
    </ClInclude>
    <ClInclude Include="..\..\..\src\editor_imgui\edit_data_material_component.h">
      <Filter>gui\objects\data\components\model</Filter>
    </ClInclude>
    <ClInclude Include="..\..\..\src\editor_imgui\edit_data_dof_component.h">
      <Filter>gui\objects\data\components\fx</Filter>
    </ClInclude>
    <ClInclude Include="..\..\..\src\editor_imgui\edit_data_post_aa_component.h">
      <Filter>gui\objects\data\components\fx</Filter>
    </ClInclude>
    <ClInclude Include="..\..\..\src\editor_imgui\edit_data_ssao_component.h">
      <Filter>gui\objects\data\components\fx</Filter>
    </ClInclude>
    <ClInclude Include="..\..\..\src\editor_imgui\edit_data_ssr_component.h">
      <Filter>gui\objects\data\components\fx</Filter>
    </ClInclude>
    <ClInclude Include="..\..\..\src\editor_imgui\edit_data_volume_fog_component.h">
      <Filter>gui\objects\data\components\fx</Filter>
    </ClInclude>
    <ClInclude Include="..\..\..\src\editor_imgui\edit_component_factory.h">
      <Filter>gui\factory</Filter>
    </ClInclude>
  </ItemGroup>
</Project>