<?xml version="1.0" encoding="utf-8"?>
<Project ToolsVersion="4.0" xmlns="http://schemas.microsoft.com/developer/msbuild/2003">
  <ItemGroup>
    <ClCompile Include="..\..\..\src\logic\lg_debug_state.cpp">
      <Filter>states</Filter>
    </ClCompile>
    <ClCompile Include="..\..\..\src\logic\lg_exit_state.cpp">
      <Filter>states</Filter>
    </ClCompile>
    <ClCompile Include="..\..\..\src\logic\lg_intro_state.cpp">
      <Filter>states</Filter>
    </ClCompile>
    <ClCompile Include="..\..\..\src\logic\lg_load_map_state.cpp">
      <Filter>states</Filter>
    </ClCompile>
    <ClCompile Include="..\..\..\src\logic\lg_main_menu_state.cpp">
      <Filter>states</Filter>
    </ClCompile>
    <ClCompile Include="..\..\..\src\logic\lg_play_state.cpp">
      <Filter>states</Filter>
    </ClCompile>
    <ClCompile Include="..\..\..\src\logic\lg_start_state.cpp">
      <Filter>states</Filter>
    </ClCompile>
    <ClCompile Include="..\..\..\src\logic\lg_unload_map_state.cpp">
      <Filter>states</Filter>
    </ClCompile>
    <ClCompile Include="..\..\..\src\logic\lg_edit_state.cpp">
      <Filter>states</Filter>
    </ClCompile>
    <ClCompile Include="..\..\..\src\logic\lg_script_manager.cpp">
      <Filter>scripts</Filter>
    </ClCompile>
  </ItemGroup>
  <ItemGroup>
    <ClInclude Include="..\..\..\src\logic\lg_debug_state.h">
      <Filter>states</Filter>
    </ClInclude>
    <ClInclude Include="..\..\..\src\logic\lg_exit_state.h">
      <Filter>states</Filter>
    </ClInclude>
    <ClInclude Include="..\..\..\src\logic\lg_intro_state.h">
      <Filter>states</Filter>
    </ClInclude>
    <ClInclude Include="..\..\..\src\logic\lg_load_map_state.h">
      <Filter>states</Filter>
    </ClInclude>
    <ClInclude Include="..\..\..\src\logic\lg_main_menu_state.h">
      <Filter>states</Filter>
    </ClInclude>
    <ClInclude Include="..\..\..\src\logic\lg_play_state.h">
      <Filter>states</Filter>
    </ClInclude>
    <ClInclude Include="..\..\..\src\logic\lg_start_state.h">
      <Filter>states</Filter>
    </ClInclude>
    <ClInclude Include="..\..\..\src\logic\lg_unload_map_state.h">
      <Filter>states</Filter>
    </ClInclude>
    <ClInclude Include="..\..\..\src\logic\lg_edit_state.h">
      <Filter>states</Filter>
    </ClInclude>
    <ClInclude Include="..\..\..\src\logic\lg_script_manager.h">
      <Filter>scripts</Filter>
    </ClInclude>
  </ItemGroup>
  <ItemGroup>
    <Filter Include="states">
      <UniqueIdentifier>{9d45e775-c55f-4745-902e-fdbb14daf323}</UniqueIdentifier>
    </Filter>
    <Filter Include="scripts">
      <UniqueIdentifier>{e2b956db-a9df-4455-a39d-c62b67f6bdd1}</UniqueIdentifier>
    </Filter>
  </ItemGroup>
</Project>