<?xml version="1.0" encoding="utf-8"?>
<Project ToolsVersion="4.0" xmlns="http://schemas.microsoft.com/developer/msbuild/2003">
  <ItemGroup>
    <ClCompile Include="..\..\..\src\plugin\pixmix\pm_plugin_interface.cpp" />
    <ClCompile Include="..\..\..\src\plugin\pixmix\pm_precompiled.cpp" />
    <ClCompile Include="..\..\..\src\plugin\pixmix\PixMix\OneLvPixMix.cpp">
      <Filter>PixMix</Filter>
    </ClCompile>
    <ClCompile Include="..\..\..\src\plugin\pixmix\PixMix\PixMix.cpp">
      <Filter>PixMix</Filter>
    </ClCompile>
    <ClCompile Include="..\..\..\src\plugin\pixmix\PixMix\Utilities.cpp">
      <Filter>PixMix</Filter>
    </ClCompile>
  </ItemGroup>
  <ItemGroup>
    <ClInclude Include="..\..\..\src\plugin\pixmix\pm_plugin_interface.h" />
    <ClInclude Include="..\..\..\src\plugin\pixmix\pm_precompiled.h" />
    <ClInclude Include="..\..\..\src\plugin\pixmix\PixMix\OneLvPixMix.h">
      <Filter>PixMix</Filter>
    </ClInclude>
    <ClInclude Include="..\..\..\src\plugin\pixmix\PixMix\PixMix.h">
      <Filter>PixMix</Filter>
    </ClInclude>
    <ClInclude Include="..\..\..\src\plugin\pixmix\PixMix\Utilities.h">
      <Filter>PixMix</Filter>
    </ClInclude>
  </ItemGroup>
  <ItemGroup>
    <Filter Include="PixMix">
      <UniqueIdentifier>{4f1a2d3e-2d27-4925-8e01-46dd61783b9b}</UniqueIdentifier>
    </Filter>
  </ItemGroup>
</Project>