Microsoft Visual Studio Solution File, Format Version 12.00
# Visual Studio Version 16
VisualStudioVersion = 16.0.28803.156
MinimumVisualStudioVersion = 15.0.27004.2005
Project("{8BC9CEB8-8B4A-11D0-8D11-00A0C91BC942}") = "test", "test\test.vcxproj", "{470B0BE6-8875-4485-9B04-C6CC9914834D}"
	ProjectSection(ProjectDependencies) = postProject
		{3A61E67A-052F-4A68-B8DB-771C8CD0D2EE} = {3A61E67A-052F-4A68-B8DB-771C8CD0D2EE}
	EndProjectSection
EndProject
Project("{8BC9CEB8-8B4A-11D0-8D11-00A0C91BC942}") = "editor", "editor\editor.vcxproj", "{399D716C-0FEC-4D19-AA74-0C434B6C3047}"
EndProject
Project("{2150E333-8FDC-42A3-9474-1A3956D46DE8}") = "plugin", "plugin", "{F0542C3D-B5F9-4381-A027-10B1804A46EF}"
EndProject
Project("{8BC9CEB8-8B4A-11D0-8D11-00A0C91BC942}") = "engine", "engine\engine.vcxproj", "{E481E898-C074-4491-BC6E-93844BFAFF74}"
EndProject
Project("{8BC9CEB8-8B4A-11D0-8D11-00A0C91BC942}") = "base", "base\base.vcxproj", "{3A61E67A-052F-4A68-B8DB-771C8CD0D2EE}"
EndProject
Project("{8BC9CEB8-8B4A-11D0-8D11-00A0C91BC942}") = "plugin_helloworld", "plugin_helloworld\plugin_helloworld.vcxproj", "{1BBA2732-A51B-4FF0-8393-492884561668}"
EndProject
Project("{8BC9CEB8-8B4A-11D0-8D11-00A0C91BC942}") = "plugin_light_estimation_lut", "plugin_light_estimation_lut\plugin_light_estimation_lut.vcxproj", "{AA2AF386-CC0D-49D3-AFCF-42045A0476FE}"
EndProject
Project("{8BC9CEB8-8B4A-11D0-8D11-00A0C91BC942}") = "plugin_easyar", "plugin_easyar\plugin_easyar.vcxproj", "{408E3CC7-D558-431C-9CB1-32094DCCB6B5}"
EndProject
Project("{8BC9CEB8-8B4A-11D0-8D11-00A0C91BC942}") = "plugin_light_estimation_stitching", "plugin_light_estimation_stitching\plugin_light_estimation_stitching.vcxproj", "{42C07B21-2392-4E0A-9DEB-E5E4B8A7864E}"
EndProject
Project("{8BC9CEB8-8B4A-11D0-8D11-00A0C91BC942}") = "plugin_kinect", "plugin_kinect\plugin_kinect.vcxproj", "{B75EB043-6466-4506-8075-E56E89813AFD}"
EndProject
Project("{8BC9CEB8-8B4A-11D0-8D11-00A0C91BC942}") = "plugin_slam", "plugin_slam\plugin_slam.vcxproj", "{E0842B40-2749-4D03-B627-55761E06452B}"
EndProject
Project("{8BC9CEB8-8B4A-11D0-8D11-00A0C91BC942}") = "plugin_pixmix", "plugin_pixmix\plugin_pixmix.vcxproj", "{6DEB9929-9605-42B2-AB22-8740559FEA88}"
EndProject
Project("{8BC9CEB8-8B4A-11D0-8D11-00A0C91BC942}") = "plugin_pixmix_ocean", "plugin_pixmix_ocean\plugin_pixmix_ocean.vcxproj", "{5A6B2FAB-6EA2-495E-96FB-64AC45AD96EF}"
EndProject
Global
	GlobalSection(SolutionConfigurationPlatforms) = preSolution
		Debug|x64 = Debug|x64
		Debug|x86 = Debug|x86
		Release|x64 = Release|x64
		Release|x86 = Release|x86
	EndGlobalSection
	GlobalSection(ProjectConfigurationPlatforms) = postSolution
		{470B0BE6-8875-4485-9B04-C6CC9914834D}.Debug|x64.ActiveCfg = Debug|x64
		{470B0BE6-8875-4485-9B04-C6CC9914834D}.Debug|x64.Build.0 = Debug|x64
		{470B0BE6-8875-4485-9B04-C6CC9914834D}.Debug|x86.ActiveCfg = Debug|Win32
		{470B0BE6-8875-4485-9B04-C6CC9914834D}.Debug|x86.Build.0 = Debug|Win32
		{470B0BE6-8875-4485-9B04-C6CC9914834D}.Debug|x86.Deploy.0 = Debug|Win32
		{470B0BE6-8875-4485-9B04-C6CC9914834D}.Release|x64.ActiveCfg = Release|x64
		{470B0BE6-8875-4485-9B04-C6CC9914834D}.Release|x64.Build.0 = Release|x64
		{470B0BE6-8875-4485-9B04-C6CC9914834D}.Release|x86.ActiveCfg = Release|Win32
		{470B0BE6-8875-4485-9B04-C6CC9914834D}.Release|x86.Build.0 = Release|Win32
		{470B0BE6-8875-4485-9B04-C6CC9914834D}.Release|x86.Deploy.0 = Release|Win32
		{399D716C-0FEC-4D19-AA74-0C434B6C3047}.Debug|x64.ActiveCfg = Debug|x64
		{399D716C-0FEC-4D19-AA74-0C434B6C3047}.Debug|x64.Build.0 = Debug|x64
		{399D716C-0FEC-4D19-AA74-0C434B6C3047}.Debug|x86.ActiveCfg = Debug|Win32
		{399D716C-0FEC-4D19-AA74-0C434B6C3047}.Debug|x86.Build.0 = Debug|Win32
		{399D716C-0FEC-4D19-AA74-0C434B6C3047}.Release|x64.ActiveCfg = Release|x64
		{399D716C-0FEC-4D19-AA74-0C434B6C3047}.Release|x64.Build.0 = Release|x64
		{399D716C-0FEC-4D19-AA74-0C434B6C3047}.Release|x86.ActiveCfg = Release|Win32
		{399D716C-0FEC-4D19-AA74-0C434B6C3047}.Release|x86.Build.0 = Release|Win32
		{E481E898-C074-4491-BC6E-93844BFAFF74}.Debug|x64.ActiveCfg = Debug|x64
		{E481E898-C074-4491-BC6E-93844BFAFF74}.Debug|x64.Build.0 = Debug|x64
		{E481E898-C074-4491-BC6E-93844BFAFF74}.Debug|x86.ActiveCfg = Debug|Win32
		{E481E898-C074-4491-BC6E-93844BFAFF74}.Debug|x86.Build.0 = Debug|Win32
		{E481E898-C074-4491-BC6E-93844BFAFF74}.Release|x64.ActiveCfg = Release|x64
		{E481E898-C074-4491-BC6E-93844BFAFF74}.Release|x64.Build.0 = Release|x64
		{E481E898-C074-4491-BC6E-93844BFAFF74}.Release|x86.ActiveCfg = Release|Win32
		{E481E898-C074-4491-BC6E-93844BFAFF74}.Release|x86.Build.0 = Release|Win32
		{3A61E67A-052F-4A68-B8DB-771C8CD0D2EE}.Debug|x64.ActiveCfg = Debug|x64
		{3A61E67A-052F-4A68-B8DB-771C8CD0D2EE}.Debug|x64.Build.0 = Debug|x64
		{3A61E67A-052F-4A68-B8DB-771C8CD0D2EE}.Debug|x86.ActiveCfg = Debug|x64
		{3A61E67A-052F-4A68-B8DB-771C8CD0D2EE}.Release|x64.ActiveCfg = Release|x64
		{3A61E67A-052F-4A68-B8DB-771C8CD0D2EE}.Release|x64.Build.0 = Release|x64
		{3A61E67A-052F-4A68-B8DB-771C8CD0D2EE}.Release|x86.ActiveCfg = Release|x64
		{1BBA2732-A51B-4FF0-8393-492884561668}.Debug|x64.ActiveCfg = Debug|x64
		{1BBA2732-A51B-4FF0-8393-492884561668}.Debug|x64.Build.0 = Debug|x64
		{1BBA2732-A51B-4FF0-8393-492884561668}.Debug|x86.ActiveCfg = Debug|Win32
		{1BBA2732-A51B-4FF0-8393-492884561668}.Debug|x86.Build.0 = Debug|Win32
		{1BBA2732-A51B-4FF0-8393-492884561668}.Debug|x86.Deploy.0 = Debug|Win32
		{1BBA2732-A51B-4FF0-8393-492884561668}.Release|x64.ActiveCfg = Release|x64
		{1BBA2732-A51B-4FF0-8393-492884561668}.Release|x64.Build.0 = Release|x64
		{1BBA2732-A51B-4FF0-8393-492884561668}.Release|x86.ActiveCfg = Release|Win32
		{1BBA2732-A51B-4FF0-8393-492884561668}.Release|x86.Build.0 = Release|Win32
		{1BBA2732-A51B-4FF0-8393-492884561668}.Release|x86.Deploy.0 = Release|Win32
		{AA2AF386-CC0D-49D3-AFCF-42045A0476FE}.Debug|x64.ActiveCfg = Debug|x64
		{AA2AF386-CC0D-49D3-AFCF-42045A0476FE}.Debug|x64.Build.0 = Debug|x64
		{AA2AF386-CC0D-49D3-AFCF-42045A0476FE}.Debug|x86.ActiveCfg = Debug|Win32
		{AA2AF386-CC0D-49D3-AFCF-42045A0476FE}.Debug|x86.Build.0 = Debug|Win32
		{AA2AF386-CC0D-49D3-AFCF-42045A0476FE}.Debug|x86.Deploy.0 = Debug|Win32
		{AA2AF386-CC0D-49D3-AFCF-42045A0476FE}.Release|x64.ActiveCfg = Release|x64
		{AA2AF386-CC0D-49D3-AFCF-42045A0476FE}.Release|x64.Build.0 = Release|x64
		{AA2AF386-CC0D-49D3-AFCF-42045A0476FE}.Release|x86.ActiveCfg = Release|Win32
		{AA2AF386-CC0D-49D3-AFCF-42045A0476FE}.Release|x86.Build.0 = Release|Win32
		{AA2AF386-CC0D-49D3-AFCF-42045A0476FE}.Release|x86.Deploy.0 = Release|Win32
		{408E3CC7-D558-431C-9CB1-32094DCCB6B5}.Debug|x64.ActiveCfg = Debug|x64
		{408E3CC7-D558-431C-9CB1-32094DCCB6B5}.Debug|x64.Build.0 = Debug|x64
		{408E3CC7-D558-431C-9CB1-32094DCCB6B5}.Debug|x86.ActiveCfg = Debug|Win32
		{408E3CC7-D558-431C-9CB1-32094DCCB6B5}.Debug|x86.Build.0 = Debug|Win32
		{408E3CC7-D558-431C-9CB1-32094DCCB6B5}.Release|x64.ActiveCfg = Release|x64
		{408E3CC7-D558-431C-9CB1-32094DCCB6B5}.Release|x64.Build.0 = Release|x64
		{408E3CC7-D558-431C-9CB1-32094DCCB6B5}.Release|x86.ActiveCfg = Release|Win32
		{408E3CC7-D558-431C-9CB1-32094DCCB6B5}.Release|x86.Build.0 = Release|Win32
		{42C07B21-2392-4E0A-9DEB-E5E4B8A7864E}.Debug|x64.ActiveCfg = Debug|x64
		{42C07B21-2392-4E0A-9DEB-E5E4B8A7864E}.Debug|x64.Build.0 = Debug|x64
		{42C07B21-2392-4E0A-9DEB-E5E4B8A7864E}.Debug|x86.ActiveCfg = Debug|Win32
		{42C07B21-2392-4E0A-9DEB-E5E4B8A7864E}.Debug|x86.Build.0 = Debug|Win32
		{42C07B21-2392-4E0A-9DEB-E5E4B8A7864E}.Release|x64.ActiveCfg = Release|x64
		{42C07B21-2392-4E0A-9DEB-E5E4B8A7864E}.Release|x64.Build.0 = Release|x64
		{42C07B21-2392-4E0A-9DEB-E5E4B8A7864E}.Release|x86.ActiveCfg = Release|Win32
		{42C07B21-2392-4E0A-9DEB-E5E4B8A7864E}.Release|x86.Build.0 = Release|Win32
		{B75EB043-6466-4506-8075-E56E89813AFD}.Debug|x64.ActiveCfg = Debug|x64
		{B75EB043-6466-4506-8075-E56E89813AFD}.Debug|x64.Build.0 = Debug|x64
		{B75EB043-6466-4506-8075-E56E89813AFD}.Debug|x86.ActiveCfg = Debug|Win32
		{B75EB043-6466-4506-8075-E56E89813AFD}.Debug|x86.Build.0 = Debug|Win32
		{B75EB043-6466-4506-8075-E56E89813AFD}.Release|x64.ActiveCfg = Release|x64
		{B75EB043-6466-4506-8075-E56E89813AFD}.Release|x64.Build.0 = Release|x64
		{B75EB043-6466-4506-8075-E56E89813AFD}.Release|x86.ActiveCfg = Release|Win32
		{B75EB043-6466-4506-8075-E56E89813AFD}.Release|x86.Build.0 = Release|Win32
		{E0842B40-2749-4D03-B627-55761E06452B}.Debug|x64.ActiveCfg = Debug|x64
		{E0842B40-2749-4D03-B627-55761E06452B}.Debug|x64.Build.0 = Debug|x64
		{E0842B40-2749-4D03-B627-55761E06452B}.Debug|x86.ActiveCfg = Debug|Win32
		{E0842B40-2749-4D03-B627-55761E06452B}.Debug|x86.Build.0 = Debug|Win32
		{E0842B40-2749-4D03-B627-55761E06452B}.Release|x64.ActiveCfg = Release|x64
		{E0842B40-2749-4D03-B627-55761E06452B}.Release|x64.Build.0 = Release|x64
		{E0842B40-2749-4D03-B627-55761E06452B}.Release|x86.ActiveCfg = Release|Win32
		{E0842B40-2749-4D03-B627-55761E06452B}.Release|x86.Build.0 = Release|Win32
		{6DEB9929-9605-42B2-AB22-8740559FEA88}.Debug|x64.ActiveCfg = Debug|x64
		{6DEB9929-9605-42B2-AB22-8740559FEA88}.Debug|x64.Build.0 = Debug|x64
		{6DEB9929-9605-42B2-AB22-8740559FEA88}.Debug|x86.ActiveCfg = Debug|Win32
		{6DEB9929-9605-42B2-AB22-8740559FEA88}.Debug|x86.Build.0 = Debug|Win32
		{6DEB9929-9605-42B2-AB22-8740559FEA88}.Release|x64.ActiveCfg = Release|x64
		{6DEB9929-9605-42B2-AB22-8740559FEA88}.Release|x64.Build.0 = Release|x64
		{6DEB9929-9605-42B2-AB22-8740559FEA88}.Release|x86.ActiveCfg = Release|Win32
		{6DEB9929-9605-42B2-AB22-8740559FEA88}.Release|x86.Build.0 = Release|Win32
		{5A6B2FAB-6EA2-495E-96FB-64AC45AD96EF}.Debug|x64.ActiveCfg = Debug|x64
		{5A6B2FAB-6EA2-495E-96FB-64AC45AD96EF}.Debug|x64.Build.0 = Debug|x64
		{5A6B2FAB-6EA2-495E-96FB-64AC45AD96EF}.Debug|x86.ActiveCfg = Debug|Win32
		{5A6B2FAB-6EA2-495E-96FB-64AC45AD96EF}.Debug|x86.Build.0 = Debug|Win32
		{5A6B2FAB-6EA2-495E-96FB-64AC45AD96EF}.Release|x64.ActiveCfg = Release|x64
		{5A6B2FAB-6EA2-495E-96FB-64AC45AD96EF}.Release|x64.Build.0 = Release|x64
		{5A6B2FAB-6EA2-495E-96FB-64AC45AD96EF}.Release|x86.ActiveCfg = Release|Win32
		{5A6B2FAB-6EA2-495E-96FB-64AC45AD96EF}.Release|x86.Build.0 = Release|Win32
	EndGlobalSection
	GlobalSection(SolutionProperties) = preSolution
		HideSolutionNode = FALSE
	EndGlobalSection
	GlobalSection(NestedProjects) = preSolution
		{1BBA2732-A51B-4FF0-8393-492884561668} = {F0542C3D-B5F9-4381-A027-10B1804A46EF}
		{AA2AF386-CC0D-49D3-AFCF-42045A0476FE} = {F0542C3D-B5F9-4381-A027-10B1804A46EF}
		{408E3CC7-D558-431C-9CB1-32094DCCB6B5} = {F0542C3D-B5F9-4381-A027-10B1804A46EF}
		{42C07B21-2392-4E0A-9DEB-E5E4B8A7864E} = {F0542C3D-B5F9-4381-A027-10B1804A46EF}
		{B75EB043-6466-4506-8075-E56E89813AFD} = {F0542C3D-B5F9-4381-A027-10B1804A46EF}
		{E0842B40-2749-4D03-B627-55761E06452B} = {F0542C3D-B5F9-4381-A027-10B1804A46EF}
		{6DEB9929-9605-42B2-AB22-8740559FEA88} = {F0542C3D-B5F9-4381-A027-10B1804A46EF}
		{5A6B2FAB-6EA2-495E-96FB-64AC45AD96EF} = {F0542C3D-B5F9-4381-A027-10B1804A46EF}
	EndGlobalSection
	GlobalSection(ExtensibilityGlobals) = postSolution
		SolutionGuid = {ABE024EA-EFBA-425A-9D54-106C60269005}
	EndGlobalSection
EndGlobal
