<?xml version="1.0" encoding="utf-8"?>
<Project ToolsVersion="4.0" xmlns="http://schemas.microsoft.com/developer/msbuild/2003">
  <ItemGroup>
    <ClCompile Include="..\..\..\src\base\base_test_suite.cpp">
      <Filter>tests</Filter>
    </ClCompile>
    <ClCompile Include="..\..\..\src\base\base_console.cpp">
      <Filter>io</Filter>
    </ClCompile>
    <ClCompile Include="..\..\..\src\base\base_tokenizer.cpp">
      <Filter>container</Filter>
    </ClCompile>
    <ClCompile Include="..\..\..\src\base\base_precompiled.cpp" />
    <ClCompile Include="..\..\..\src\base\base_program_parameters.cpp">
      <Filter>io</Filter>
    </ClCompile>
    <ClCompile Include="..\..\..\src\base\base_getopt.cpp">
      <Filter>io</Filter>
    </ClCompile>
  </ItemGroup>
  <ItemGroup>
    <ClInclude Include="..\..\..\src\base\base_aabb2.h">
      <Filter>math</Filter>
    </ClInclude>
    <ClInclude Include="..\..\..\src\base\base_aabb3.h">
      <Filter>math</Filter>
    </ClInclude>
    <ClInclude Include="..\..\..\src\base\base_basic.h">
      <Filter>core\native</Filter>
    </ClInclude>
    <ClInclude Include="..\..\..\src\base\base_clock.h">
      <Filter>core</Filter>
    </ClInclude>
    <ClInclude Include="..\..\..\src\base\base_crc.h">
      <Filter>encryption</Filter>
    </ClInclude>
    <ClInclude Include="..\..\..\src\base\base_config.h" />
    <ClInclude Include="..\..\..\src\base\base_event_queue.h">
      <Filter>container</Filter>
    </ClInclude>
    <ClInclude Include="..\..\..\src\base\base_input_event.h">
      <Filter>io</Filter>
    </ClInclude>
    <ClInclude Include="..\..\..\src\base\base_frustum.h">
      <Filter>math</Filter>
    </ClInclude>
    <ClInclude Include="..\..\..\src\base\base_is_array.h">
      <Filter>core</Filter>
    </ClInclude>
    <ClInclude Include="..\..\..\src\base\base_is_bool.h">
      <Filter>core</Filter>
    </ClInclude>
    <ClInclude Include="..\..\..\src\base\base_is_class.h">
      <Filter>core</Filter>
    </ClInclude>
    <ClInclude Include="..\..\..\src\base\base_is_floating_point.h">
      <Filter>core</Filter>
    </ClInclude>
    <ClInclude Include="..\..\..\src\base\base_is_integral.h">
      <Filter>core</Filter>
    </ClInclude>
    <ClInclude Include="..\..\..\src\base\base_is_pointer.h">
      <Filter>core</Filter>
    </ClInclude>
    <ClInclude Include="..\..\..\src\base\base_is_primitive.h">
      <Filter>core</Filter>
    </ClInclude>
    <ClInclude Include="..\..\..\src\base\base_is_reference.h">
      <Filter>core</Filter>
    </ClInclude>
    <ClInclude Include="..\..\..\src\base\base_is_std.h">
      <Filter>core</Filter>
    </ClInclude>
    <ClInclude Include="..\..\..\src\base\base_is_union.h">
      <Filter>core</Filter>
    </ClInclude>
    <ClInclude Include="..\..\..\src\base\base_logical_arithmetic.h">
      <Filter>math</Filter>
    </ClInclude>
    <ClInclude Include="..\..\..\src\base\base_managed_pool.h">
      <Filter>container</Filter>
    </ClInclude>
    <ClInclude Include="..\..\..\src\base\base_math_operations.h">
      <Filter>math</Filter>
    </ClInclude>
    <ClInclude Include="..\..\..\src\base\base_matrix3x3.h">
      <Filter>math</Filter>
    </ClInclude>
    <ClInclude Include="..\..\..\src\base\base_matrix4x4.h">
      <Filter>math</Filter>
    </ClInclude>
    <ClInclude Include="..\..\..\src\base\base_memory.h">
      <Filter>memory</Filter>
    </ClInclude>
    <ClInclude Include="..\..\..\src\base\base_pool.h">
      <Filter>container</Filter>
    </ClInclude>
    <ClInclude Include="..\..\..\src\base\base_remove_const.h">
      <Filter>core</Filter>
    </ClInclude>
    <ClInclude Include="..\..\..\src\base\base_remove_pointer.h">
      <Filter>core</Filter>
    </ClInclude>
    <ClInclude Include="..\..\..\src\base\base_remove_qualifier.h">
      <Filter>core</Filter>
    </ClInclude>
    <ClInclude Include="..\..\..\src\base\base_remove_volatile.h">
      <Filter>core</Filter>
    </ClInclude>
    <ClInclude Include="..\..\..\src\base\base_serialize.h">
      <Filter>serialization</Filter>
    </ClInclude>
    <ClInclude Include="..\..\..\src\base\base_serialize_access.h">
      <Filter>serialization</Filter>
    </ClInclude>
    <ClInclude Include="..\..\..\src\base\base_serialize_archive.h">
      <Filter>serialization</Filter>
    </ClInclude>
    <ClInclude Include="..\..\..\src\base\base_serialize_binary_reader.h">
      <Filter>serialization</Filter>
    </ClInclude>
    <ClInclude Include="..\..\..\src\base\base_serialize_binary_writer.h">
      <Filter>serialization</Filter>
    </ClInclude>
    <ClInclude Include="..\..\..\src\base\base_serialize_splitter.h">
      <Filter>serialization</Filter>
    </ClInclude>
    <ClInclude Include="..\..\..\src\base\base_serialize_std_string.h">
      <Filter>serialization</Filter>
    </ClInclude>
    <ClInclude Include="..\..\..\src\base\base_serialize_std_vector.h">
      <Filter>serialization</Filter>
    </ClInclude>
    <ClInclude Include="..\..\..\src\base\base_serialize_text_codec.h">
      <Filter>serialization</Filter>
    </ClInclude>
    <ClInclude Include="..\..\..\src\base\base_serialize_text_reader.h">
      <Filter>serialization</Filter>
    </ClInclude>
    <ClInclude Include="..\..\..\src\base\base_serialize_text_writer.h">
      <Filter>serialization</Filter>
    </ClInclude>
    <ClInclude Include="..\..\..\src\base\base_singleton_pool.h">
      <Filter>container</Filter>
    </ClInclude>
    <ClInclude Include="..\..\..\src\base\base_test_defines.h">
      <Filter>tests</Filter>
    </ClInclude>
    <ClInclude Include="..\..\..\src\base\base_test_suite.h">
      <Filter>tests</Filter>
    </ClInclude>
    <ClInclude Include="..\..\..\src\base\base_uncopyable.h">
      <Filter>pattern</Filter>
    </ClInclude>
    <ClInclude Include="..\..\..\src\base\base_sphere.h">
      <Filter>math</Filter>
    </ClInclude>
    <ClInclude Include="..\..\..\src\base\base_timer.h">
      <Filter>core</Filter>
    </ClInclude>
    <ClInclude Include="..\..\..\src\base\base_defines.h" />
    <ClInclude Include="..\..\..\src\base\base_typedef.h">
      <Filter>core</Filter>
    </ClInclude>
    <ClInclude Include="..\..\..\src\base\base_vector2.h">
      <Filter>math</Filter>
    </ClInclude>
    <ClInclude Include="..\..\..\src\base\base_vector3.h">
      <Filter>math</Filter>
    </ClInclude>
    <ClInclude Include="..\..\..\src\base\base_vector4.h">
      <Filter>math</Filter>
    </ClInclude>
    <ClInclude Include="..\..\..\src\base\base_console.h">
      <Filter>io</Filter>
    </ClInclude>
    <ClInclude Include="..\..\..\src\base\base_singleton.h">
      <Filter>pattern</Filter>
    </ClInclude>
    <ClInclude Include="..\..\..\src\base\base_circle.h">
      <Filter>math</Filter>
    </ClInclude>
    <ClInclude Include="..\..\..\src\base\base_triangle3.h">
      <Filter>math</Filter>
    </ClInclude>
    <ClInclude Include="..\..\..\src\base\base_math_constants.h">
      <Filter>math</Filter>
    </ClInclude>
    <ClInclude Include="..\..\..\src\base\base_plane.h">
      <Filter>math</Filter>
    </ClInclude>
    <ClInclude Include="..\..\..\src\base\base_exception.h">
      <Filter>core</Filter>
    </ClInclude>
    <ClInclude Include="..\..\..\src\base\base_tokenizer.h">
      <Filter>container</Filter>
    </ClInclude>
    <ClInclude Include="..\..\..\src\base\base_precompiled.h" />
    <ClInclude Include="..\..\..\src\base\base_math_limits.h">
      <Filter>math</Filter>
    </ClInclude>
    <ClInclude Include="..\..\..\src\base\base_program_parameters.h">
      <Filter>io</Filter>
    </ClInclude>
    <ClInclude Include="..\..\..\src\base\base_getopt.h">
      <Filter>io</Filter>
    </ClInclude>
    <ClInclude Include="..\..\..\src\base\base_lib_glm.h">
      <Filter>lib</Filter>
    </ClInclude>
  </ItemGroup>
  <ItemGroup>
    <Filter Include="container">
      <UniqueIdentifier>{f52f3f97-cab0-476b-9f30-2964e24df8ba}</UniqueIdentifier>
    </Filter>
    <Filter Include="core">
      <UniqueIdentifier>{3085487c-bcd7-413f-9282-95b3360b1ecf}</UniqueIdentifier>
    </Filter>
    <Filter Include="encryption">
      <UniqueIdentifier>{fc83262f-fd7c-4282-9b73-c4c2ed9ca483}</UniqueIdentifier>
    </Filter>
    <Filter Include="io">
      <UniqueIdentifier>{f24588e5-55d1-4d5b-b156-506ba629f248}</UniqueIdentifier>
    </Filter>
    <Filter Include="math">
      <UniqueIdentifier>{35769297-4052-4ea2-ab3f-601d81879391}</UniqueIdentifier>
    </Filter>
    <Filter Include="memory">
      <UniqueIdentifier>{78a03271-b96b-44a2-902b-ebc2bbac7e6f}</UniqueIdentifier>
    </Filter>
    <Filter Include="serialization">
      <UniqueIdentifier>{a3129698-fbea-4e80-b01e-841975bce1d0}</UniqueIdentifier>
    </Filter>
    <Filter Include="tests">
      <UniqueIdentifier>{ec17a2fd-526d-4cc4-ab61-5881ad6c49de}</UniqueIdentifier>
    </Filter>
    <Filter Include="core\native">
      <UniqueIdentifier>{9d3ceb44-aa6e-4b40-a3bf-93667f7fbb96}</UniqueIdentifier>
    </Filter>
    <Filter Include="pattern">
      <UniqueIdentifier>{757702e6-16a5-416d-8e38-7fc9a9390376}</UniqueIdentifier>
    </Filter>
    <Filter Include="lib">
      <UniqueIdentifier>{ca28e310-04a9-4dd9-9b02-2acad924cfe1}</UniqueIdentifier>
    </Filter>
  </ItemGroup>
</Project>