
Microsoft Visual Studio Solution File, Format Version 12.00
# Visual Studio 14
VisualStudioVersion = 14.0.24720.0
MinimumVisualStudioVersion = 10.0.40219.1
Project("{8BC9CEB8-8B4A-11D0-8D11-00A0C91BC942}") = "app", "app\app.vcxproj", "{8BF7FB01-1873-4CB2-85A8-57EF3ED5AFD4}"
	ProjectSection(ProjectDependencies) = postProject
		{F00B40D7-026A-45AE-A0DB-126DBABC483D} = {F00B40D7-026A-45AE-A0DB-126DBABC483D}
	EndProjectSection
EndProject
Project("{8BC9CEB8-8B4A-11D0-8D11-00A0C91BC942}") = "base", "base\base.vcxproj", "{F00B40D7-026A-45AE-A0DB-126DBABC483D}"
EndProject
Project("{8BC9CEB8-8B4A-11D0-8D11-00A0C91BC942}") = "camera", "camera\camera.vcxproj", "{BD2866F6-A265-40F7-92D0-AD067FE79F65}"
	ProjectSection(ProjectDependencies) = postProject
		{CCA65C12-1AB6-4E15-9DA2-630AA1D60B2F} = {CCA65C12-1AB6-4E15-9DA2-630AA1D60B2F}
		{F00B40D7-026A-45AE-A0DB-126DBABC483D} = {F00B40D7-026A-45AE-A0DB-126DBABC483D}
	EndProjectSection
EndProject
Project("{8BC9CEB8-8B4A-11D0-8D11-00A0C91BC942}") = "data", "data\data.vcxproj", "{969D14C4-1E9D-4FEB-BA0A-247F244871E6}"
	ProjectSection(ProjectDependencies) = postProject
		{F00B40D7-026A-45AE-A0DB-126DBABC483D} = {F00B40D7-026A-45AE-A0DB-126DBABC483D}
	EndProjectSection
EndProject
Project("{8BC9CEB8-8B4A-11D0-8D11-00A0C91BC942}") = "graphic", "graphic\graphic.vcxproj", "{CCA65C12-1AB6-4E15-9DA2-630AA1D60B2F}"
	ProjectSection(ProjectDependencies) = postProject
		{969D14C4-1E9D-4FEB-BA0A-247F244871E6} = {969D14C4-1E9D-4FEB-BA0A-247F244871E6}
		{F00B40D7-026A-45AE-A0DB-126DBABC483D} = {F00B40D7-026A-45AE-A0DB-126DBABC483D}
	EndProjectSection
EndProject
Project("{8BC9CEB8-8B4A-11D0-8D11-00A0C91BC942}") = "gui", "gui\gui.vcxproj", "{7D68649A-94CB-47CE-B2AC-EC0FC44333E4}"
	ProjectSection(ProjectDependencies) = postProject
		{BCE4CC5A-541E-4838-94D1-73B962A02FBC} = {BCE4CC5A-541E-4838-94D1-73B962A02FBC}
		{F00B40D7-026A-45AE-A0DB-126DBABC483D} = {F00B40D7-026A-45AE-A0DB-126DBABC483D}
	EndProjectSection
EndProject
Project("{8BC9CEB8-8B4A-11D0-8D11-00A0C91BC942}") = "logic", "logic\logic.vcxproj", "{BCE4CC5A-541E-4838-94D1-73B962A02FBC}"
	ProjectSection(ProjectDependencies) = postProject
		{1BBA2732-A51B-4FF0-8393-492884561668} = {1BBA2732-A51B-4FF0-8393-492884561668}
		{969D14C4-1E9D-4FEB-BA0A-247F244871E6} = {969D14C4-1E9D-4FEB-BA0A-247F244871E6}
		{F00B40D7-026A-45AE-A0DB-126DBABC483D} = {F00B40D7-026A-45AE-A0DB-126DBABC483D}
		{BD2866F6-A265-40F7-92D0-AD067FE79F65} = {BD2866F6-A265-40F7-92D0-AD067FE79F65}
	EndProjectSection
EndProject
Project("{8BC9CEB8-8B4A-11D0-8D11-00A0C91BC942}") = "test", "test\test.vcxproj", "{470B0BE6-8875-4485-9B04-C6CC9914834D}"
	ProjectSection(ProjectDependencies) = postProject
		{8BF7FB01-1873-4CB2-85A8-57EF3ED5AFD4} = {8BF7FB01-1873-4CB2-85A8-57EF3ED5AFD4}
		{CCA65C12-1AB6-4E15-9DA2-630AA1D60B2F} = {CCA65C12-1AB6-4E15-9DA2-630AA1D60B2F}
		{1BBA2732-A51B-4FF0-8393-492884561668} = {1BBA2732-A51B-4FF0-8393-492884561668}
		{BCE4CC5A-541E-4838-94D1-73B962A02FBC} = {BCE4CC5A-541E-4838-94D1-73B962A02FBC}
		{7D68649A-94CB-47CE-B2AC-EC0FC44333E4} = {7D68649A-94CB-47CE-B2AC-EC0FC44333E4}
		{969D14C4-1E9D-4FEB-BA0A-247F244871E6} = {969D14C4-1E9D-4FEB-BA0A-247F244871E6}
		{F00B40D7-026A-45AE-A0DB-126DBABC483D} = {F00B40D7-026A-45AE-A0DB-126DBABC483D}
		{BD2866F6-A265-40F7-92D0-AD067FE79F65} = {BD2866F6-A265-40F7-92D0-AD067FE79F65}
	EndProjectSection
EndProject
Project("{8BC9CEB8-8B4A-11D0-8D11-00A0C91BC942}") = "mr", "mr\mr.vcxproj", "{1BBA2732-A51B-4FF0-8393-492884561668}"
	ProjectSection(ProjectDependencies) = postProject
		{F00B40D7-026A-45AE-A0DB-126DBABC483D} = {F00B40D7-026A-45AE-A0DB-126DBABC483D}
	EndProjectSection
EndProject
Project("{8BC9CEB8-8B4A-11D0-8D11-00A0C91BC942}") = "game", "game\game.vcxproj", "{425FE9C6-F4B1-47E1-B6FC-CA71A800D601}"
	ProjectSection(ProjectDependencies) = postProject
		{8BF7FB01-1873-4CB2-85A8-57EF3ED5AFD4} = {8BF7FB01-1873-4CB2-85A8-57EF3ED5AFD4}
		{CCA65C12-1AB6-4E15-9DA2-630AA1D60B2F} = {CCA65C12-1AB6-4E15-9DA2-630AA1D60B2F}
		{BCE4CC5A-541E-4838-94D1-73B962A02FBC} = {BCE4CC5A-541E-4838-94D1-73B962A02FBC}
		{7D68649A-94CB-47CE-B2AC-EC0FC44333E4} = {7D68649A-94CB-47CE-B2AC-EC0FC44333E4}
		{969D14C4-1E9D-4FEB-BA0A-247F244871E6} = {969D14C4-1E9D-4FEB-BA0A-247F244871E6}
		{F00B40D7-026A-45AE-A0DB-126DBABC483D} = {F00B40D7-026A-45AE-A0DB-126DBABC483D}
		{BD2866F6-A265-40F7-92D0-AD067FE79F65} = {BD2866F6-A265-40F7-92D0-AD067FE79F65}
	EndProjectSection
EndProject
Global
	GlobalSection(SolutionConfigurationPlatforms) = preSolution
		Debug|Win32 = Debug|Win32
		Debug|x64 = Debug|x64
		Release|Win32 = Release|Win32
		Release|x64 = Release|x64
	EndGlobalSection
	GlobalSection(ProjectConfigurationPlatforms) = postSolution
		{8BF7FB01-1873-4CB2-85A8-57EF3ED5AFD4}.Debug|Win32.ActiveCfg = Debug|Win32
		{8BF7FB01-1873-4CB2-85A8-57EF3ED5AFD4}.Debug|Win32.Build.0 = Debug|Win32
		{8BF7FB01-1873-4CB2-85A8-57EF3ED5AFD4}.Debug|x64.ActiveCfg = Debug|x64
		{8BF7FB01-1873-4CB2-85A8-57EF3ED5AFD4}.Debug|x64.Build.0 = Debug|x64
		{8BF7FB01-1873-4CB2-85A8-57EF3ED5AFD4}.Release|Win32.ActiveCfg = Release|Win32
		{8BF7FB01-1873-4CB2-85A8-57EF3ED5AFD4}.Release|Win32.Build.0 = Release|Win32
		{8BF7FB01-1873-4CB2-85A8-57EF3ED5AFD4}.Release|x64.ActiveCfg = Release|x64
		{8BF7FB01-1873-4CB2-85A8-57EF3ED5AFD4}.Release|x64.Build.0 = Release|x64
		{F00B40D7-026A-45AE-A0DB-126DBABC483D}.Debug|Win32.ActiveCfg = Debug|Win32
		{F00B40D7-026A-45AE-A0DB-126DBABC483D}.Debug|Win32.Build.0 = Debug|Win32
		{F00B40D7-026A-45AE-A0DB-126DBABC483D}.Debug|x64.ActiveCfg = Debug|x64
		{F00B40D7-026A-45AE-A0DB-126DBABC483D}.Debug|x64.Build.0 = Debug|x64
		{F00B40D7-026A-45AE-A0DB-126DBABC483D}.Release|Win32.ActiveCfg = Release|Win32
		{F00B40D7-026A-45AE-A0DB-126DBABC483D}.Release|Win32.Build.0 = Release|Win32
		{F00B40D7-026A-45AE-A0DB-126DBABC483D}.Release|x64.ActiveCfg = Release|x64
		{F00B40D7-026A-45AE-A0DB-126DBABC483D}.Release|x64.Build.0 = Release|x64
		{BD2866F6-A265-40F7-92D0-AD067FE79F65}.Debug|Win32.ActiveCfg = Debug|Win32
		{BD2866F6-A265-40F7-92D0-AD067FE79F65}.Debug|Win32.Build.0 = Debug|Win32
		{BD2866F6-A265-40F7-92D0-AD067FE79F65}.Debug|x64.ActiveCfg = Debug|x64
		{BD2866F6-A265-40F7-92D0-AD067FE79F65}.Debug|x64.Build.0 = Debug|x64
		{BD2866F6-A265-40F7-92D0-AD067FE79F65}.Release|Win32.ActiveCfg = Release|Win32
		{BD2866F6-A265-40F7-92D0-AD067FE79F65}.Release|Win32.Build.0 = Release|Win32
		{BD2866F6-A265-40F7-92D0-AD067FE79F65}.Release|x64.ActiveCfg = Release|x64
		{BD2866F6-A265-40F7-92D0-AD067FE79F65}.Release|x64.Build.0 = Release|x64
		{969D14C4-1E9D-4FEB-BA0A-247F244871E6}.Debug|Win32.ActiveCfg = Debug|Win32
		{969D14C4-1E9D-4FEB-BA0A-247F244871E6}.Debug|Win32.Build.0 = Debug|Win32
		{969D14C4-1E9D-4FEB-BA0A-247F244871E6}.Debug|x64.ActiveCfg = Debug|x64
		{969D14C4-1E9D-4FEB-BA0A-247F244871E6}.Debug|x64.Build.0 = Debug|x64
		{969D14C4-1E9D-4FEB-BA0A-247F244871E6}.Release|Win32.ActiveCfg = Release|Win32
		{969D14C4-1E9D-4FEB-BA0A-247F244871E6}.Release|Win32.Build.0 = Release|Win32
		{969D14C4-1E9D-4FEB-BA0A-247F244871E6}.Release|x64.ActiveCfg = Release|x64
		{969D14C4-1E9D-4FEB-BA0A-247F244871E6}.Release|x64.Build.0 = Release|x64
		{CCA65C12-1AB6-4E15-9DA2-630AA1D60B2F}.Debug|Win32.ActiveCfg = Debug|Win32
		{CCA65C12-1AB6-4E15-9DA2-630AA1D60B2F}.Debug|Win32.Build.0 = Debug|Win32
		{CCA65C12-1AB6-4E15-9DA2-630AA1D60B2F}.Debug|x64.ActiveCfg = Debug|x64
		{CCA65C12-1AB6-4E15-9DA2-630AA1D60B2F}.Debug|x64.Build.0 = Debug|x64
		{CCA65C12-1AB6-4E15-9DA2-630AA1D60B2F}.Release|Win32.ActiveCfg = Release|Win32
		{CCA65C12-1AB6-4E15-9DA2-630AA1D60B2F}.Release|Win32.Build.0 = Release|Win32
		{CCA65C12-1AB6-4E15-9DA2-630AA1D60B2F}.Release|x64.ActiveCfg = Release|x64
		{CCA65C12-1AB6-4E15-9DA2-630AA1D60B2F}.Release|x64.Build.0 = Release|x64
		{7D68649A-94CB-47CE-B2AC-EC0FC44333E4}.Debug|Win32.ActiveCfg = Debug|Win32
		{7D68649A-94CB-47CE-B2AC-EC0FC44333E4}.Debug|Win32.Build.0 = Debug|Win32
		{7D68649A-94CB-47CE-B2AC-EC0FC44333E4}.Debug|x64.ActiveCfg = Debug|x64
		{7D68649A-94CB-47CE-B2AC-EC0FC44333E4}.Debug|x64.Build.0 = Debug|x64
		{7D68649A-94CB-47CE-B2AC-EC0FC44333E4}.Release|Win32.ActiveCfg = Release|Win32
		{7D68649A-94CB-47CE-B2AC-EC0FC44333E4}.Release|Win32.Build.0 = Release|Win32
		{7D68649A-94CB-47CE-B2AC-EC0FC44333E4}.Release|x64.ActiveCfg = Release|x64
		{7D68649A-94CB-47CE-B2AC-EC0FC44333E4}.Release|x64.Build.0 = Release|x64
		{BCE4CC5A-541E-4838-94D1-73B962A02FBC}.Debug|Win32.ActiveCfg = Debug|Win32
		{BCE4CC5A-541E-4838-94D1-73B962A02FBC}.Debug|Win32.Build.0 = Debug|Win32
		{BCE4CC5A-541E-4838-94D1-73B962A02FBC}.Debug|x64.ActiveCfg = Debug|x64
		{BCE4CC5A-541E-4838-94D1-73B962A02FBC}.Debug|x64.Build.0 = Debug|x64
		{BCE4CC5A-541E-4838-94D1-73B962A02FBC}.Release|Win32.ActiveCfg = Release|Win32
		{BCE4CC5A-541E-4838-94D1-73B962A02FBC}.Release|Win32.Build.0 = Release|Win32
		{BCE4CC5A-541E-4838-94D1-73B962A02FBC}.Release|x64.ActiveCfg = Release|x64
		{BCE4CC5A-541E-4838-94D1-73B962A02FBC}.Release|x64.Build.0 = Release|x64
		{470B0BE6-8875-4485-9B04-C6CC9914834D}.Debug|Win32.ActiveCfg = Debug|Win32
		{470B0BE6-8875-4485-9B04-C6CC9914834D}.Debug|Win32.Build.0 = Debug|Win32
		{470B0BE6-8875-4485-9B04-C6CC9914834D}.Debug|x64.ActiveCfg = Debug|x64
		{470B0BE6-8875-4485-9B04-C6CC9914834D}.Debug|x64.Build.0 = Debug|x64
		{470B0BE6-8875-4485-9B04-C6CC9914834D}.Release|Win32.ActiveCfg = Release|Win32
		{470B0BE6-8875-4485-9B04-C6CC9914834D}.Release|Win32.Build.0 = Release|Win32
		{470B0BE6-8875-4485-9B04-C6CC9914834D}.Release|x64.ActiveCfg = Release|x64
		{470B0BE6-8875-4485-9B04-C6CC9914834D}.Release|x64.Build.0 = Release|x64
		{1BBA2732-A51B-4FF0-8393-492884561668}.Debug|Win32.ActiveCfg = Debug|Win32
		{1BBA2732-A51B-4FF0-8393-492884561668}.Debug|Win32.Build.0 = Debug|Win32
		{1BBA2732-A51B-4FF0-8393-492884561668}.Debug|x64.ActiveCfg = Debug|x64
		{1BBA2732-A51B-4FF0-8393-492884561668}.Debug|x64.Build.0 = Debug|x64
		{1BBA2732-A51B-4FF0-8393-492884561668}.Release|Win32.ActiveCfg = Release|Win32
		{1BBA2732-A51B-4FF0-8393-492884561668}.Release|Win32.Build.0 = Release|Win32
		{1BBA2732-A51B-4FF0-8393-492884561668}.Release|x64.ActiveCfg = Release|x64
		{1BBA2732-A51B-4FF0-8393-492884561668}.Release|x64.Build.0 = Release|x64
		{425FE9C6-F4B1-47E1-B6FC-CA71A800D601}.Debug|Win32.ActiveCfg = Debug|Win32
		{425FE9C6-F4B1-47E1-B6FC-CA71A800D601}.Debug|Win32.Build.0 = Debug|Win32
		{425FE9C6-F4B1-47E1-B6FC-CA71A800D601}.Debug|x64.ActiveCfg = Debug|x64
		{425FE9C6-F4B1-47E1-B6FC-CA71A800D601}.Debug|x64.Build.0 = Debug|x64
		{425FE9C6-F4B1-47E1-B6FC-CA71A800D601}.Release|Win32.ActiveCfg = Release|Win32
		{425FE9C6-F4B1-47E1-B6FC-CA71A800D601}.Release|Win32.Build.0 = Release|Win32
		{425FE9C6-F4B1-47E1-B6FC-CA71A800D601}.Release|x64.ActiveCfg = Release|x64
		{425FE9C6-F4B1-47E1-B6FC-CA71A800D601}.Release|x64.Build.0 = Release|x64
	EndGlobalSection
	GlobalSection(SolutionProperties) = preSolution
		HideSolutionNode = FALSE
	EndGlobalSection
EndGlobal
