<?xml version="1.0" encoding="utf-8"?>
<Project ToolsVersion="4.0" xmlns="http://schemas.microsoft.com/developer/msbuild/2003">
  <ItemGroup>
    <ClCompile Include="..\..\..\test\base\test_base_aabb3.cpp">
      <Filter>base</Filter>
    </ClCompile>
    <ClCompile Include="..\..\..\test\base\test_base_crc.cpp">
      <Filter>base</Filter>
    </ClCompile>
    <ClCompile Include="..\..\..\test\base\test_base_matrix3x3.cpp">
      <Filter>base</Filter>
    </ClCompile>
    <ClCompile Include="..\..\..\test\base\test_base_matrix4x4.cpp">
      <Filter>base</Filter>
    </ClCompile>
    <ClCompile Include="..\..\..\test\base\test_base_memory.cpp">
      <Filter>base</Filter>
    </ClCompile>
    <ClCompile Include="..\..\..\test\base\test_base_pool.cpp">
      <Filter>base</Filter>
    </ClCompile>
    <ClCompile Include="..\..\..\test\base\test_base_vector3.cpp">
      <Filter>base</Filter>
    </ClCompile>
    <ClCompile Include="..\..\..\test\base\test_base_vector4.cpp">
      <Filter>base</Filter>
    </ClCompile>
    <ClCompile Include="..\..\..\test\core\test_core_function_call.cpp">
      <Filter>core</Filter>
    </ClCompile>
    <ClCompile Include="..\..\..\test\base\test_base_plane.cpp">
      <Filter>base</Filter>
    </ClCompile>
    <ClCompile Include="..\..\..\test\base\test_base_sphere.cpp">
      <Filter>base</Filter>
    </ClCompile>
    <ClCompile Include="..\..\..\test\base\test_base_exception.cpp">
      <Filter>base</Filter>
    </ClCompile>
    <ClCompile Include="..\..\..\test\base\test_base_tokenizer.cpp">
      <Filter>base</Filter>
    </ClCompile>
    <ClCompile Include="..\..\..\test\test_precompiled.cpp" />
    <ClCompile Include="..\..\..\test\test_main.cpp" />
  </ItemGroup>
  <ItemGroup>
    <Filter Include="core">
      <UniqueIdentifier>{f77b2063-5ac2-4a45-8727-451a1fdd129d}</UniqueIdentifier>
    </Filter>
    <Filter Include="base">
      <UniqueIdentifier>{c739d2e7-e863-4199-9903-366a5a0e63f7}</UniqueIdentifier>
    </Filter>
  </ItemGroup>
  <ItemGroup>
    <ClInclude Include="..\..\..\test\test_precompiled.h" />
  </ItemGroup>
</Project>