<?xml version="1.0" encoding="utf-8"?>
<Project ToolsVersion="4.0" xmlns="http://schemas.microsoft.com/developer/msbuild/2003">
  <ItemGroup>
    <ClCompile Include="..\..\..\src\game\game_debug_state.cpp">
      <Filter>states</Filter>
    </ClCompile>
    <ClCompile Include="..\..\..\src\game\game_exit_state.cpp">
      <Filter>states</Filter>
    </ClCompile>
    <ClCompile Include="..\..\..\src\game\game_intro_state.cpp">
      <Filter>states</Filter>
    </ClCompile>
    <ClCompile Include="..\..\..\src\game\game_load_map_state.cpp">
      <Filter>states</Filter>
    </ClCompile>
    <ClCompile Include="..\..\..\src\game\game_main_menu_state.cpp">
      <Filter>states</Filter>
    </ClCompile>
    <ClCompile Include="..\..\..\src\game\game_play_state.cpp">
      <Filter>states</Filter>
    </ClCompile>
    <ClCompile Include="..\..\..\src\game\game_start_state.cpp">
      <Filter>states</Filter>
    </ClCompile>
    <ClCompile Include="..\..\..\src\game\game_unload_map_state.cpp">
      <Filter>states</Filter>
    </ClCompile>
    <ClCompile Include="..\..\..\src\game\game_application.cpp" />
    <ClCompile Include="..\..\..\src\game\game_main.cpp" />
  </ItemGroup>
  <ItemGroup>
    <Filter Include="states">
      <UniqueIdentifier>{7807dec5-a560-497a-89fa-d6fa102e7bc5}</UniqueIdentifier>
    </Filter>
  </ItemGroup>
  <ItemGroup>
    <ClInclude Include="..\..\..\src\game\game_debug_state.h">
      <Filter>states</Filter>
    </ClInclude>
    <ClInclude Include="..\..\..\src\game\game_exit_state.h">
      <Filter>states</Filter>
    </ClInclude>
    <ClInclude Include="..\..\..\src\game\game_intro_state.h">
      <Filter>states</Filter>
    </ClInclude>
    <ClInclude Include="..\..\..\src\game\game_load_map_state.h">
      <Filter>states</Filter>
    </ClInclude>
    <ClInclude Include="..\..\..\src\game\game_main_menu_state.h">
      <Filter>states</Filter>
    </ClInclude>
    <ClInclude Include="..\..\..\src\game\game_play_state.h">
      <Filter>states</Filter>
    </ClInclude>
    <ClInclude Include="..\..\..\src\game\game_start_state.h">
      <Filter>states</Filter>
    </ClInclude>
    <ClInclude Include="..\..\..\src\game\game_state.h">
      <Filter>states</Filter>
    </ClInclude>
    <ClInclude Include="..\..\..\src\game\game_unload_map_state.h">
      <Filter>states</Filter>
    </ClInclude>
    <ClInclude Include="..\..\..\src\game\game_application.h" />
  </ItemGroup>
</Project>