<?xml version="1.0" encoding="utf-8"?>
<Project ToolsVersion="4.0" xmlns="http://schemas.microsoft.com/developer/msbuild/2003">
  <ItemGroup>
    <ClCompile Include="..\..\..\src\app\app_application.cpp" />
    <ClCompile Include="..\..\..\src\app\app_debug_state.cpp">
      <Filter>states</Filter>
    </ClCompile>
    <ClCompile Include="..\..\..\src\app\app_exit_state.cpp">
      <Filter>states</Filter>
    </ClCompile>
    <ClCompile Include="..\..\..\src\app\app_intro_state.cpp">
      <Filter>states</Filter>
    </ClCompile>
    <ClCompile Include="..\..\..\src\app\app_load_map_state.cpp">
      <Filter>states</Filter>
    </ClCompile>
    <ClCompile Include="..\..\..\src\app\app_main_menu_state.cpp">
      <Filter>states</Filter>
    </ClCompile>
    <ClCompile Include="..\..\..\src\app\app_play_state.cpp">
      <Filter>states</Filter>
    </ClCompile>
    <ClCompile Include="..\..\..\src\app\app_start_state.cpp">
      <Filter>states</Filter>
    </ClCompile>
    <ClCompile Include="..\..\..\src\app\app_unload_map_state.cpp">
      <Filter>states</Filter>
    </ClCompile>
  </ItemGroup>
  <ItemGroup>
    <ClInclude Include="..\..\..\src\app\app_application.h" />
    <ClInclude Include="..\..\..\src\app\app_debug_state.h">
      <Filter>states</Filter>
    </ClInclude>
    <ClInclude Include="..\..\..\src\app\app_exit_state.h">
      <Filter>states</Filter>
    </ClInclude>
    <ClInclude Include="..\..\..\src\app\app_intro_state.h">
      <Filter>states</Filter>
    </ClInclude>
    <ClInclude Include="..\..\..\src\app\app_load_map_state.h">
      <Filter>states</Filter>
    </ClInclude>
    <ClInclude Include="..\..\..\src\app\app_main_menu_state.h">
      <Filter>states</Filter>
    </ClInclude>
    <ClInclude Include="..\..\..\src\app\app_play_state.h">
      <Filter>states</Filter>
    </ClInclude>
    <ClInclude Include="..\..\..\src\app\app_start_state.h">
      <Filter>states</Filter>
    </ClInclude>
    <ClInclude Include="..\..\..\src\app\app_state.h">
      <Filter>states</Filter>
    </ClInclude>
    <ClInclude Include="..\..\..\src\app\app_unload_map_state.h">
      <Filter>states</Filter>
    </ClInclude>
    <ClInclude Include="..\..\..\src\app\app_config.h" />
  </ItemGroup>
  <ItemGroup>
    <Filter Include="states">
      <UniqueIdentifier>{7fe8188b-8c4d-4ad8-9147-1dee701b4b43}</UniqueIdentifier>
    </Filter>
  </ItemGroup>
</Project>