<?xml version="1.0" encoding="utf-8"?>
<Project ToolsVersion="4.0" xmlns="http://schemas.microsoft.com/developer/msbuild/2003">
  <ItemGroup>
    <ClInclude Include="..\..\..\src\base\base_aabb3.h" />
    <ClInclude Include="..\..\..\src\base\base_basic.h" />
    <ClInclude Include="..\..\..\src\base\base_circle.h" />
    <ClInclude Include="..\..\..\src\base\base_clock.h" />
    <ClInclude Include="..\..\..\src\base\base_config.h" />
    <ClInclude Include="..\..\..\src\base\base_console.h" />
    <ClInclude Include="..\..\..\src\base\base_crc.h" />
    <ClInclude Include="..\..\..\src\base\base_defines.h" />
    <ClInclude Include="..\..\..\src\base\base_event_queue.h" />
    <ClInclude Include="..\..\..\src\base\base_exception.h" />
    <ClInclude Include="..\..\..\src\base\base_frustum.h" />
    <ClInclude Include="..\..\..\src\base\base_getopt.h" />
    <ClInclude Include="..\..\..\src\base\base_input_event.h" />
    <ClInclude Include="..\..\..\src\base\base_is_array.h" />
    <ClInclude Include="..\..\..\src\base\base_is_bool.h" />
    <ClInclude Include="..\..\..\src\base\base_is_class.h" />
    <ClInclude Include="..\..\..\src\base\base_is_floating_point.h" />
    <ClInclude Include="..\..\..\src\base\base_is_integral.h" />
    <ClInclude Include="..\..\..\src\base\base_is_pointer.h" />
    <ClInclude Include="..\..\..\src\base\base_is_primitive.h" />
    <ClInclude Include="..\..\..\src\base\base_is_reference.h" />
    <ClInclude Include="..\..\..\src\base\base_is_std.h" />
    <ClInclude Include="..\..\..\src\base\base_is_union.h" />
    <ClInclude Include="..\..\..\src\base\base_logical_arithmetic.h" />
    <ClInclude Include="..\..\..\src\base\base_managed_pool.h" />
    <ClInclude Include="..\..\..\src\base\base_math_constants.h" />
    <ClInclude Include="..\..\..\src\base\base_math_limits.h" />
    <ClInclude Include="..\..\..\src\base\base_math_operations.h" />
    <ClInclude Include="..\..\..\src\base\base_matrix3x3.h" />
    <ClInclude Include="..\..\..\src\base\base_matrix4x4.h" />
    <ClInclude Include="..\..\..\src\base\base_memory.h" />
    <ClInclude Include="..\..\..\src\base\base_plane.h" />
    <ClInclude Include="..\..\..\src\base\base_pool.h" />
    <ClInclude Include="..\..\..\src\base\base_precompiled.h" />
    <ClInclude Include="..\..\..\src\base\base_program_parameters.h" />
    <ClInclude Include="..\..\..\src\base\base_quaternion.h" />
    <ClInclude Include="..\..\..\src\base\base_remove_const.h" />
    <ClInclude Include="..\..\..\src\base\base_remove_pointer.h" />
    <ClInclude Include="..\..\..\src\base\base_remove_qualifier.h" />
    <ClInclude Include="..\..\..\src\base\base_remove_volatile.h" />
    <ClInclude Include="..\..\..\src\base\base_serialize.h" />
    <ClInclude Include="..\..\..\src\base\base_serialize_access.h" />
    <ClInclude Include="..\..\..\src\base\base_serialize_archive.h" />
    <ClInclude Include="..\..\..\src\base\base_serialize_binary_reader.h" />
    <ClInclude Include="..\..\..\src\base\base_serialize_binary_writer.h" />
    <ClInclude Include="..\..\..\src\base\base_serialize_splitter.h" />
    <ClInclude Include="..\..\..\src\base\base_serialize_std_string.h" />
    <ClInclude Include="..\..\..\src\base\base_serialize_std_vector.h" />
    <ClInclude Include="..\..\..\src\base\base_serialize_text_codec.h" />
    <ClInclude Include="..\..\..\src\base\base_serialize_text_reader.h" />
    <ClInclude Include="..\..\..\src\base\base_serialize_text_writer.h" />
    <ClInclude Include="..\..\..\src\base\base_singleton.h" />
    <ClInclude Include="..\..\..\src\base\base_singleton_pool.h" />
    <ClInclude Include="..\..\..\src\base\base_sphere.h" />
    <ClInclude Include="..\..\..\src\base\base_test_defines.h" />
    <ClInclude Include="..\..\..\src\base\base_test_suite.h" />
    <ClInclude Include="..\..\..\src\base\base_timer.h" />
    <ClInclude Include="..\..\..\src\base\base_tokenizer.h" />
    <ClInclude Include="..\..\..\src\base\base_triangle3.h" />
    <ClInclude Include="..\..\..\src\base\base_typedef.h" />
    <ClInclude Include="..\..\..\src\base\base_uncopyable.h" />
    <ClInclude Include="..\..\..\src\base\base_vector2.h" />
    <ClInclude Include="..\..\..\src\base\base_vector3.h" />
    <ClInclude Include="..\..\..\src\base\base_vector4.h" />
    <ClInclude Include="..\..\..\src\base\base_aabb2.h" />
  </ItemGroup>
  <ItemGroup>
    <ClCompile Include="..\..\..\src\base\base_console.cpp" />
    <ClCompile Include="..\..\..\src\base\base_getopt.cpp" />
    <ClCompile Include="..\..\..\src\base\base_precompiled.cpp" />
    <ClCompile Include="..\..\..\src\base\base_program_parameters.cpp" />
    <ClCompile Include="..\..\..\src\base\base_test_suite.cpp" />
    <ClCompile Include="..\..\..\src\base\base_tokenizer.cpp" />
  </ItemGroup>
</Project>