<?xml version="1.0" encoding="utf-8"?>
<Project ToolsVersion="4.0" xmlns="http://schemas.microsoft.com/developer/msbuild/2003">
  <ItemGroup>
    <ClCompile Include="..\..\..\..\src\app_droid\app_application.cpp" />
    <ClCompile Include="..\..\..\..\src\app_droid\main.cpp" />
    <ClCompile Include="..\..\..\..\src\app_droid\android_native_app_glue.c">
      <Filter>native</Filter>
    </ClCompile>
    <ClCompile Include="..\..\..\..\src\app_droid\app_play_state.cpp">
      <Filter>states</Filter>
    </ClCompile>
    <ClCompile Include="..\..\..\..\src\app_droid\app_start_state.cpp">
      <Filter>states</Filter>
    </ClCompile>
    <ClCompile Include="..\..\..\..\src\app_droid\app_intro_state.cpp">
      <Filter>states</Filter>
    </ClCompile>
    <ClCompile Include="..\..\..\..\src\app_droid\app_load_map_state.cpp">
      <Filter>states</Filter>
    </ClCompile>
    <ClCompile Include="..\..\..\..\src\app_droid\app_main_menu_state.cpp">
      <Filter>states</Filter>
    </ClCompile>
    <ClCompile Include="..\..\..\..\src\app_droid\app_unload_map_state.cpp">
      <Filter>states</Filter>
    </ClCompile>
    <ClCompile Include="..\..\..\..\src\app_droid\app_exit_state.cpp">
      <Filter>states</Filter>
    </ClCompile>
    <ClCompile Include="..\..\..\..\src\app_droid\app_init_state.cpp">
      <Filter>states</Filter>
    </ClCompile>
  </ItemGroup>
  <ItemGroup>
    <ClInclude Include="..\..\..\..\src\app_droid\app_application.h" />
    <ClInclude Include="..\..\..\..\src\app_droid\android_native_app_glue.h">
      <Filter>native</Filter>
    </ClInclude>
    <ClInclude Include="..\..\..\..\src\app_droid\app_play_state.h">
      <Filter>states</Filter>
    </ClInclude>
    <ClInclude Include="..\..\..\..\src\app_droid\app_state.h">
      <Filter>states</Filter>
    </ClInclude>
    <ClInclude Include="..\..\..\..\src\app_droid\app_start_state.h">
      <Filter>states</Filter>
    </ClInclude>
    <ClInclude Include="..\..\..\..\src\app_droid\app_intro_state.h">
      <Filter>states</Filter>
    </ClInclude>
    <ClInclude Include="..\..\..\..\src\app_droid\app_load_map_state.h">
      <Filter>states</Filter>
    </ClInclude>
    <ClInclude Include="..\..\..\..\src\app_droid\app_main_menu_state.h">
      <Filter>states</Filter>
    </ClInclude>
    <ClInclude Include="..\..\..\..\src\app_droid\app_unload_map_state.h">
      <Filter>states</Filter>
    </ClInclude>
    <ClInclude Include="..\..\..\..\src\app_droid\app_exit_state.h">
      <Filter>states</Filter>
    </ClInclude>
    <ClInclude Include="..\..\..\..\src\app_droid\app_init_state.h">
      <Filter>states</Filter>
    </ClInclude>
    <ClInclude Include="..\..\..\..\src\app_droid\app_precompiled.h" />
  </ItemGroup>
  <ItemGroup>
    <Filter Include="states">
      <UniqueIdentifier>{b8fe003f-c07a-4208-9e37-35ab63169bba}</UniqueIdentifier>
    </Filter>
    <Filter Include="native">
      <UniqueIdentifier>{f0ca7ff7-0e41-43d3-9e88-beb01fa9f330}</UniqueIdentifier>
    </Filter>
  </ItemGroup>
</Project>