<?xml version="1.0" encoding="utf-8"?>
<Project ToolsVersion="4.0" xmlns="http://schemas.microsoft.com/developer/msbuild/2003">
  <ItemGroup>
    <ClCompile Include="..\..\..\src\camera\cam_control.cpp" />
    <ClCompile Include="..\..\..\src\camera\cam_control_manager.cpp" />
    <ClCompile Include="..\..\..\src\camera\cam_fly_control.cpp">
      <Filter>controls</Filter>
    </ClCompile>
    <ClCompile Include="..\..\..\src\camera\cam_ar_control.cpp">
      <Filter>controls</Filter>
    </ClCompile>
  </ItemGroup>
  <ItemGroup>
    <ClInclude Include="..\..\..\src\camera\cam_control.h" />
    <ClInclude Include="..\..\..\src\camera\cam_control_manager.h" />
    <ClInclude Include="..\..\..\src\camera\cam_fly_control.h">
      <Filter>controls</Filter>
    </ClInclude>
    <ClInclude Include="..\..\..\src\camera\cam_ar_control.h">
      <Filter>controls</Filter>
    </ClInclude>
  </ItemGroup>
  <ItemGroup>
    <Filter Include="controls">
      <UniqueIdentifier>{dce26607-b1c9-4b8f-a58e-9ffe43ade0cc}</UniqueIdentifier>
    </Filter>
  </ItemGroup>
</Project>