<?xml version="1.0" encoding="utf-8"?>
<Project ToolsVersion="4.0" xmlns="http://schemas.microsoft.com/developer/msbuild/2003">
  <ItemGroup>
    <ClCompile Include="..\..\..\src\graphic\gfx_debug_interface.cpp">
      <Filter>interface\debug</Filter>
    </ClCompile>
    <ClCompile Include="..\..\..\src\graphic\gfx_camera_interface.cpp">
      <Filter>interface\camera</Filter>
    </ClCompile>
    <ClCompile Include="..\..\..\src\graphic\gfx_debug_state.cpp">
      <Filter>states</Filter>
    </ClCompile>
    <ClCompile Include="..\..\..\src\graphic\gfx_debug_renderer.cpp">
      <Filter>engine\renderer</Filter>
    </ClCompile>
    <ClCompile Include="..\..\..\src\graphic\gfx_exit_state.cpp">
      <Filter>states</Filter>
    </ClCompile>
    <ClCompile Include="..\..\..\src\graphic\gfx_load_map_state.cpp">
      <Filter>states</Filter>
    </ClCompile>
    <ClCompile Include="..\..\..\src\graphic\gfx_buffer.cpp">
      <Filter>engine\buffers</Filter>
    </ClCompile>
    <ClCompile Include="..\..\..\src\graphic\gfx_buffer_set.cpp">
      <Filter>engine\buffers</Filter>
    </ClCompile>
    <ClCompile Include="..\..\..\src\graphic\gfx_render_context.cpp">
      <Filter>engine\context</Filter>
    </ClCompile>
    <ClCompile Include="..\..\..\src\graphic\gfx_input_layout.cpp">
      <Filter>engine\layout</Filter>
    </ClCompile>
    <ClCompile Include="..\..\..\src\graphic\gfx_lod.cpp">
      <Filter>engine\models</Filter>
    </ClCompile>
    <ClCompile Include="..\..\..\src\graphic\gfx_surface.cpp">
      <Filter>engine\models</Filter>
    </ClCompile>
    <ClCompile Include="..\..\..\src\graphic\gfx_view_port.cpp">
      <Filter>engine\view ports</Filter>
    </ClCompile>
    <ClCompile Include="..\..\..\src\graphic\gfx_view_port_set.cpp">
      <Filter>engine\view ports</Filter>
    </ClCompile>
    <ClCompile Include="..\..\..\src\graphic\gfx_camera.cpp">
      <Filter>engine\views</Filter>
    </ClCompile>
    <ClCompile Include="..\..\..\src\graphic\gfx_view.cpp">
      <Filter>engine\views</Filter>
    </ClCompile>
    <ClCompile Include="..\..\..\src\graphic\gfx_target_set.cpp">
      <Filter>engine\target sets</Filter>
    </ClCompile>
    <ClCompile Include="..\..\..\src\graphic\gfx_texture_1d.cpp">
      <Filter>engine\textures</Filter>
    </ClCompile>
    <ClCompile Include="..\..\..\src\graphic\gfx_texture_2d.cpp">
      <Filter>engine\textures</Filter>
    </ClCompile>
    <ClCompile Include="..\..\..\src\graphic\gfx_texture_3d.cpp">
      <Filter>engine\textures</Filter>
    </ClCompile>
    <ClCompile Include="..\..\..\src\graphic\gfx_texture_base.cpp">
      <Filter>engine\textures</Filter>
    </ClCompile>
    <ClCompile Include="..\..\..\src\graphic\gfx_texture_set.cpp">
      <Filter>engine\textures</Filter>
    </ClCompile>
    <ClCompile Include="..\..\..\src\graphic\gfx_shader.cpp">
      <Filter>engine\shaders</Filter>
    </ClCompile>
    <ClCompile Include="..\..\..\src\graphic\gfx_sampler.cpp">
      <Filter>engine\sampler</Filter>
    </ClCompile>
    <ClCompile Include="..\..\..\src\graphic\gfx_sampler_set.cpp">
      <Filter>engine\sampler</Filter>
    </ClCompile>
    <ClCompile Include="..\..\..\src\graphic\gfx_blend_state.cpp">
      <Filter>engine\states</Filter>
    </ClCompile>
    <ClCompile Include="..\..\..\src\graphic\gfx_depth_stencil_state.cpp">
      <Filter>engine\states</Filter>
    </ClCompile>
    <ClCompile Include="..\..\..\src\graphic\gfx_rasterizer_state.cpp">
      <Filter>engine\states</Filter>
    </ClCompile>
    <ClCompile Include="..\..\..\src\graphic\gfx_render_state.cpp">
      <Filter>engine\states</Filter>
    </ClCompile>
    <ClCompile Include="..\..\..\src\graphic\gfx_intro_state.cpp">
      <Filter>states</Filter>
    </ClCompile>
    <ClCompile Include="..\..\..\src\graphic\gfx_main.cpp">
      <Filter>ogl</Filter>
    </ClCompile>
    <ClCompile Include="..\..\..\src\graphic\gfx_main_menu_state.cpp">
      <Filter>states</Filter>
    </ClCompile>
    <ClCompile Include="..\..\..\src\graphic\gfx_unload_map_state.cpp">
      <Filter>states</Filter>
    </ClCompile>
    <ClCompile Include="..\..\..\src\graphic\gfx_start_state.cpp">
      <Filter>states</Filter>
    </ClCompile>
    <ClCompile Include="..\..\..\src\graphic\gfx_particle_renderer.cpp">
      <Filter>engine\renderer</Filter>
    </ClCompile>
    <ClCompile Include="..\..\..\src\graphic\gfx_play_state.cpp">
      <Filter>states</Filter>
    </ClCompile>
    <ClCompile Include="..\..\..\src\graphic\gfx_state_manager.cpp">
      <Filter>ogl\states</Filter>
    </ClCompile>
    <ClCompile Include="..\..\..\src\graphic\gfx_view_manager.cpp">
      <Filter>engine\views</Filter>
    </ClCompile>
    <ClCompile Include="..\..\..\src\graphic\gfx_buffer_manager.cpp">
      <Filter>ogl\buffers</Filter>
    </ClCompile>
    <ClCompile Include="..\..\..\src\graphic\gfx_sampler_manager.cpp">
      <Filter>ogl\samplers</Filter>
    </ClCompile>
    <ClCompile Include="..\..\..\src\graphic\gfx_shader_manager.cpp">
      <Filter>ogl\shaders</Filter>
    </ClCompile>
    <ClCompile Include="..\..\..\src\graphic\gfx_target_set_manager.cpp">
      <Filter>ogl\target sets</Filter>
    </ClCompile>
    <ClCompile Include="..\..\..\src\graphic\gfx_texture_manager.cpp">
      <Filter>ogl\textures</Filter>
    </ClCompile>
    <ClCompile Include="..\..\..\src\graphic\gfx_context_manager.cpp">
      <Filter>ogl\context</Filter>
    </ClCompile>
    <ClCompile Include="..\..\..\src\graphic\gfx_histogram_renderer.cpp">
      <Filter>engine\renderer</Filter>
    </ClCompile>
    <ClCompile Include="..\..\..\src\graphic\gfx_reflection_renderer.cpp">
      <Filter>engine\renderer</Filter>
    </ClCompile>
    <ClCompile Include="..\..\..\src\graphic\gfx_shadow_renderer.cpp">
      <Filter>engine\renderer</Filter>
    </ClCompile>
    <ClCompile Include="..\..\..\src\graphic\gfx_tonemapping_renderer.cpp">
      <Filter>engine\renderer</Filter>
    </ClCompile>
    <ClCompile Include="..\..\..\src\graphic\gfx_performance.cpp">
      <Filter>ogl</Filter>
    </ClCompile>
    <ClCompile Include="..\..\..\src\graphic\gfx_actor_renderer.cpp">
      <Filter>engine\renderer</Filter>
    </ClCompile>
    <ClCompile Include="..\..\..\src\graphic\gfx_ar_renderer.cpp">
      <Filter>engine\renderer</Filter>
    </ClCompile>
    <ClCompile Include="..\..\..\src\graphic\gfx_postfx_hdr_renderer.cpp">
      <Filter>engine\renderer</Filter>
    </ClCompile>
    <ClCompile Include="..\..\..\src\graphic\gfx_postfx_renderer.cpp">
      <Filter>engine\renderer</Filter>
    </ClCompile>
    <ClCompile Include="..\..\..\src\graphic\gfx_material_manager.cpp">
      <Filter>engine\materials</Filter>
    </ClCompile>
    <ClCompile Include="..\..\..\src\graphic\gfx_material.cpp">
      <Filter>engine\materials</Filter>
    </ClCompile>
    <ClCompile Include="..\..\..\src\graphic\gfx_light_sun_renderer.cpp">
      <Filter>engine\renderer</Filter>
    </ClCompile>
    <ClCompile Include="..\..\..\src\graphic\gfx_light_area_renderer.cpp">
      <Filter>engine\renderer</Filter>
    </ClCompile>
    <ClCompile Include="..\..\..\src\graphic\gfx_light_point_renderer.cpp">
      <Filter>engine\renderer</Filter>
    </ClCompile>
    <ClCompile Include="..\..\..\src\graphic\gfx_application_interface.cpp">
      <Filter>interface\app</Filter>
    </ClCompile>
    <ClCompile Include="..\..\..\src\graphic\gfx_edit_state.cpp">
      <Filter>states</Filter>
    </ClCompile>
    <ClCompile Include="..\..\..\src\graphic\gfx_precompiled.cpp" />
    <ClCompile Include="..\..\..\src\graphic\gfx_fog_renderer.cpp">
      <Filter>engine\renderer</Filter>
    </ClCompile>
    <ClCompile Include="..\..\..\src\graphic\gfx_mesh.cpp">
      <Filter>engine\models</Filter>
    </ClCompile>
    <ClCompile Include="..\..\..\src\graphic\gfx_mesh_manager.cpp">
      <Filter>engine\models</Filter>
    </ClCompile>
    <ClCompile Include="..\..\..\src\graphic\gfx_selection_renderer.cpp">
      <Filter>engine\renderer</Filter>
    </ClCompile>
    <ClCompile Include="..\..\..\src\graphic\gfx_sky_manager.cpp">
      <Filter>engine\map\lights\sky</Filter>
    </ClCompile>
    <ClCompile Include="..\..\..\src\graphic\gfx_sky_facet.cpp">
      <Filter>engine\map\lights\sky</Filter>
    </ClCompile>
    <ClCompile Include="..\..\..\src\graphic\gfx_light_probe_facet.cpp">
      <Filter>engine\map\lights\light probe</Filter>
    </ClCompile>
    <ClCompile Include="..\..\..\src\graphic\gfx_light_probe_manager.cpp">
      <Filter>engine\map\lights\light probe</Filter>
    </ClCompile>
    <ClCompile Include="..\..\..\src\graphic\gfx_point_light_manager.cpp">
      <Filter>engine\map\lights\point light</Filter>
    </ClCompile>
    <ClCompile Include="..\..\..\src\graphic\gfx_point_light_facet.cpp">
      <Filter>engine\map\lights\point light</Filter>
    </ClCompile>
    <ClCompile Include="..\..\..\src\graphic\gfx_sun_facet.cpp">
      <Filter>engine\map\lights\sun</Filter>
    </ClCompile>
    <ClCompile Include="..\..\..\src\graphic\gfx_sun_manager.cpp">
      <Filter>engine\map\lights\sun</Filter>
    </ClCompile>
    <ClCompile Include="..\..\..\src\graphic\gfx_background_renderer.cpp">
      <Filter>engine\renderer</Filter>
    </ClCompile>
    <ClCompile Include="..\..\..\src\graphic\gfx_ar_actor_facet.cpp">
      <Filter>engine\map\actors\ar mesh</Filter>
    </ClCompile>
    <ClCompile Include="..\..\..\src\graphic\gfx_camera_actor_facet.cpp">
      <Filter>engine\map\actors\camera</Filter>
    </ClCompile>
    <ClCompile Include="..\..\..\src\graphic\gfx_camera_actor_manager.cpp">
      <Filter>engine\map\actors\camera</Filter>
    </ClCompile>
    <ClCompile Include="..\..\..\src\graphic\gfx_ar_actor_manager.cpp">
      <Filter>engine\map\actors\ar mesh</Filter>
    </ClCompile>
    <ClCompile Include="..\..\..\src\graphic\gfx_mesh_actor_manager.cpp">
      <Filter>engine\map\actors\mesh</Filter>
    </ClCompile>
    <ClCompile Include="..\..\..\src\graphic\gfx_mesh_actor_facet.cpp">
      <Filter>engine\map\actors\mesh</Filter>
    </ClCompile>
  </ItemGroup>
  <ItemGroup>
    <ClInclude Include="..\..\..\src\graphic\gfx_debug_interface.h">
      <Filter>interface\debug</Filter>
    </ClInclude>
    <ClInclude Include="..\..\..\src\graphic\gfx_camera_interface.h">
      <Filter>interface\camera</Filter>
    </ClInclude>
    <ClInclude Include="..\..\..\src\graphic\gfx_topology.h">
      <Filter>engine\topology</Filter>
    </ClInclude>
    <ClInclude Include="..\..\..\src\graphic\gfx_data_behavior.h">
      <Filter>engine\memory</Filter>
    </ClInclude>
    <ClInclude Include="..\..\..\src\graphic\gfx_debug_state.h">
      <Filter>states</Filter>
    </ClInclude>
    <ClInclude Include="..\..\..\src\graphic\gfx_debug_renderer.h">
      <Filter>engine\renderer</Filter>
    </ClInclude>
    <ClInclude Include="..\..\..\src\graphic\gfx_exit_state.h">
      <Filter>states</Filter>
    </ClInclude>
    <ClInclude Include="..\..\..\src\graphic\gfx_load_map_state.h">
      <Filter>states</Filter>
    </ClInclude>
    <ClInclude Include="..\..\..\src\graphic\gfx_main.h">
      <Filter>engine</Filter>
    </ClInclude>
    <ClInclude Include="..\..\..\src\graphic\gfx_buffer.h">
      <Filter>engine\buffers</Filter>
    </ClInclude>
    <ClInclude Include="..\..\..\src\graphic\gfx_buffer_set.h">
      <Filter>engine\buffers</Filter>
    </ClInclude>
    <ClInclude Include="..\..\..\src\graphic\gfx_render_context.h">
      <Filter>engine\context</Filter>
    </ClInclude>
    <ClInclude Include="..\..\..\src\graphic\gfx_input_layout.h">
      <Filter>engine\layout</Filter>
    </ClInclude>
    <ClInclude Include="..\..\..\src\graphic\gfx_lod.h">
      <Filter>engine\models</Filter>
    </ClInclude>
    <ClInclude Include="..\..\..\src\graphic\gfx_surface.h">
      <Filter>engine\models</Filter>
    </ClInclude>
    <ClInclude Include="..\..\..\src\graphic\gfx_view_port_set.h">
      <Filter>engine\view ports</Filter>
    </ClInclude>
    <ClInclude Include="..\..\..\src\graphic\gfx_view_port.h">
      <Filter>engine\view ports</Filter>
    </ClInclude>
    <ClInclude Include="..\..\..\src\graphic\gfx_camera.h">
      <Filter>engine\views</Filter>
    </ClInclude>
    <ClInclude Include="..\..\..\src\graphic\gfx_view.h">
      <Filter>engine\views</Filter>
    </ClInclude>
    <ClInclude Include="..\..\..\src\graphic\gfx_target_set.h">
      <Filter>engine\target sets</Filter>
    </ClInclude>
    <ClInclude Include="..\..\..\src\graphic\gfx_texture_1d.h">
      <Filter>engine\textures</Filter>
    </ClInclude>
    <ClInclude Include="..\..\..\src\graphic\gfx_texture_2d.h">
      <Filter>engine\textures</Filter>
    </ClInclude>
    <ClInclude Include="..\..\..\src\graphic\gfx_texture_3d.h">
      <Filter>engine\textures</Filter>
    </ClInclude>
    <ClInclude Include="..\..\..\src\graphic\gfx_texture_base.h">
      <Filter>engine\textures</Filter>
    </ClInclude>
    <ClInclude Include="..\..\..\src\graphic\gfx_texture_set.h">
      <Filter>engine\textures</Filter>
    </ClInclude>
    <ClInclude Include="..\..\..\src\graphic\gfx_shader.h">
      <Filter>engine\shaders</Filter>
    </ClInclude>
    <ClInclude Include="..\..\..\src\graphic\gfx_sampler.h">
      <Filter>engine\sampler</Filter>
    </ClInclude>
    <ClInclude Include="..\..\..\src\graphic\gfx_sampler_set.h">
      <Filter>engine\sampler</Filter>
    </ClInclude>
    <ClInclude Include="..\..\..\src\graphic\gfx_blend_description.h">
      <Filter>engine\states\description</Filter>
    </ClInclude>
    <ClInclude Include="..\..\..\src\graphic\gfx_depth_description.h">
      <Filter>engine\states\description</Filter>
    </ClInclude>
    <ClInclude Include="..\..\..\src\graphic\gfx_rasterizer_description.h">
      <Filter>engine\states\description</Filter>
    </ClInclude>
    <ClInclude Include="..\..\..\src\graphic\gfx_blend_state.h">
      <Filter>engine\states</Filter>
    </ClInclude>
    <ClInclude Include="..\..\..\src\graphic\gfx_depth_stencil_state.h">
      <Filter>engine\states</Filter>
    </ClInclude>
    <ClInclude Include="..\..\..\src\graphic\gfx_rasterizer_state.h">
      <Filter>engine\states</Filter>
    </ClInclude>
    <ClInclude Include="..\..\..\src\graphic\gfx_render_state.h">
      <Filter>engine\states</Filter>
    </ClInclude>
    <ClInclude Include="..\..\..\src\graphic\gfx_intro_state.h">
      <Filter>states</Filter>
    </ClInclude>
    <ClInclude Include="..\..\..\src\graphic\gfx_main_menu_state.h">
      <Filter>states</Filter>
    </ClInclude>
    <ClInclude Include="..\..\..\src\graphic\gfx_unload_map_state.h">
      <Filter>states</Filter>
    </ClInclude>
    <ClInclude Include="..\..\..\src\graphic\gfx_start_state.h">
      <Filter>states</Filter>
    </ClInclude>
    <ClInclude Include="..\..\..\src\graphic\gfx_particle_renderer.h">
      <Filter>engine\renderer</Filter>
    </ClInclude>
    <ClInclude Include="..\..\..\src\graphic\gfx_native_types.h">
      <Filter>ogl</Filter>
    </ClInclude>
    <ClInclude Include="..\..\..\src\graphic\gfx_native_buffer_set.h">
      <Filter>ogl\buffers</Filter>
    </ClInclude>
    <ClInclude Include="..\..\..\src\graphic\gfx_native_buffer.h">
      <Filter>ogl\buffers</Filter>
    </ClInclude>
    <ClInclude Include="..\..\..\src\graphic\gfx_native_texture_2d.h">
      <Filter>ogl\textures</Filter>
    </ClInclude>
    <ClInclude Include="..\..\..\src\graphic\gfx_native_target_set.h">
      <Filter>ogl\target sets</Filter>
    </ClInclude>
    <ClInclude Include="..\..\..\src\graphic\gfx_native_shader.h">
      <Filter>ogl\shaders</Filter>
    </ClInclude>
    <ClInclude Include="..\..\..\src\graphic\gfx_native_sampler_set.h">
      <Filter>ogl\samplers</Filter>
    </ClInclude>
    <ClInclude Include="..\..\..\src\graphic\gfx_native_sampler.h">
      <Filter>ogl\samplers</Filter>
    </ClInclude>
    <ClInclude Include="..\..\..\src\graphic\gfx_play_state.h">
      <Filter>states</Filter>
    </ClInclude>
    <ClInclude Include="..\..\..\src\graphic\gfx_release.h">
      <Filter>ogl\memory</Filter>
    </ClInclude>
    <ClInclude Include="..\..\..\src\graphic\gfx_buffer_manager.h">
      <Filter>engine\buffers</Filter>
    </ClInclude>
    <ClInclude Include="..\..\..\src\graphic\gfx_context_manager.h">
      <Filter>engine\context</Filter>
    </ClInclude>
    <ClInclude Include="..\..\..\src\graphic\gfx_sampler_manager.h">
      <Filter>engine\sampler</Filter>
    </ClInclude>
    <ClInclude Include="..\..\..\src\graphic\gfx_shader_manager.h">
      <Filter>engine\shaders</Filter>
    </ClInclude>
    <ClInclude Include="..\..\..\src\graphic\gfx_state_manager.h">
      <Filter>engine\states</Filter>
    </ClInclude>
    <ClInclude Include="..\..\..\src\graphic\gfx_target_set_manager.h">
      <Filter>engine\target sets</Filter>
    </ClInclude>
    <ClInclude Include="..\..\..\src\graphic\gfx_texture_manager.h">
      <Filter>engine\textures</Filter>
    </ClInclude>
    <ClInclude Include="..\..\..\src\graphic\gfx_view_manager.h">
      <Filter>engine\views</Filter>
    </ClInclude>
    <ClInclude Include="..\..\..\src\graphic\gfx_histogram_renderer.h">
      <Filter>engine\renderer</Filter>
    </ClInclude>
    <ClInclude Include="..\..\..\src\graphic\gfx_reflection_renderer.h">
      <Filter>engine\renderer</Filter>
    </ClInclude>
    <ClInclude Include="..\..\..\src\graphic\gfx_shadow_renderer.h">
      <Filter>engine\renderer</Filter>
    </ClInclude>
    <ClInclude Include="..\..\..\src\graphic\gfx_tonemapping_renderer.h">
      <Filter>engine\renderer</Filter>
    </ClInclude>
    <ClInclude Include="..\..\..\src\graphic\gfx_performance.h">
      <Filter>engine</Filter>
    </ClInclude>
    <ClInclude Include="..\..\..\src\graphic\gfx_actor_renderer.h">
      <Filter>engine\renderer</Filter>
    </ClInclude>
    <ClInclude Include="..\..\..\src\graphic\gfx_ar_renderer.h">
      <Filter>engine\renderer</Filter>
    </ClInclude>
    <ClInclude Include="..\..\..\src\graphic\gfx_postfx_hdr_renderer.h">
      <Filter>engine\renderer</Filter>
    </ClInclude>
    <ClInclude Include="..\..\..\src\graphic\gfx_postfx_renderer.h">
      <Filter>engine\renderer</Filter>
    </ClInclude>
    <ClInclude Include="..\..\..\src\graphic\gfx_material_manager.h">
      <Filter>engine\materials</Filter>
    </ClInclude>
    <ClInclude Include="..\..\..\src\graphic\gfx_material.h">
      <Filter>engine\materials</Filter>
    </ClInclude>
    <ClInclude Include="..\..\..\src\graphic\gfx_light_sun_renderer.h">
      <Filter>engine\renderer</Filter>
    </ClInclude>
    <ClInclude Include="..\..\..\src\graphic\gfx_light_area_renderer.h">
      <Filter>engine\renderer</Filter>
    </ClInclude>
    <ClInclude Include="..\..\..\src\graphic\gfx_light_point_renderer.h">
      <Filter>engine\renderer</Filter>
    </ClInclude>
    <ClInclude Include="..\..\..\src\graphic\gfx_application_interface.h">
      <Filter>interface\app</Filter>
    </ClInclude>
    <ClInclude Include="..\..\..\src\graphic\gfx_edit_state.h">
      <Filter>states</Filter>
    </ClInclude>
    <ClInclude Include="..\..\..\src\graphic\gfx_precompiled.h" />
    <ClInclude Include="..\..\..\src\graphic\gfx_fog_renderer.h">
      <Filter>engine\renderer</Filter>
    </ClInclude>
    <ClInclude Include="..\..\..\src\graphic\gfx_native_texture_3d.h">
      <Filter>ogl\textures</Filter>
    </ClInclude>
    <ClInclude Include="..\..\..\src\graphic\gfx_mesh.h">
      <Filter>engine\models</Filter>
    </ClInclude>
    <ClInclude Include="..\..\..\src\graphic\gfx_mesh_manager.h">
      <Filter>engine\models</Filter>
    </ClInclude>
    <ClInclude Include="..\..\..\src\graphic\gfx_selection_renderer.h">
      <Filter>engine\renderer</Filter>
    </ClInclude>
    <ClInclude Include="..\..\..\src\graphic\gfx_sky_manager.h">
      <Filter>engine\map\lights\sky</Filter>
    </ClInclude>
    <ClInclude Include="..\..\..\src\graphic\gfx_sky_facet.h">
      <Filter>engine\map\lights\sky</Filter>
    </ClInclude>
    <ClInclude Include="..\..\..\src\graphic\gfx_light_probe_facet.h">
      <Filter>engine\map\lights\light probe</Filter>
    </ClInclude>
    <ClInclude Include="..\..\..\src\graphic\gfx_light_probe_manager.h">
      <Filter>engine\map\lights\light probe</Filter>
    </ClInclude>
    <ClInclude Include="..\..\..\src\graphic\gfx_point_light_manager.h">
      <Filter>engine\map\lights\point light</Filter>
    </ClInclude>
    <ClInclude Include="..\..\..\src\graphic\gfx_point_light_facet.h">
      <Filter>engine\map\lights\point light</Filter>
    </ClInclude>
    <ClInclude Include="..\..\..\src\graphic\gfx_sun_facet.h">
      <Filter>engine\map\lights\sun</Filter>
    </ClInclude>
    <ClInclude Include="..\..\..\src\graphic\gfx_sun_manager.h">
      <Filter>engine\map\lights\sun</Filter>
    </ClInclude>
    <ClInclude Include="..\..\..\src\graphic\gfx_background_renderer.h">
      <Filter>engine\renderer</Filter>
    </ClInclude>
    <ClInclude Include="..\..\..\src\graphic\gfx_ar_actor_facet.h">
      <Filter>engine\map\actors\ar mesh</Filter>
    </ClInclude>
    <ClInclude Include="..\..\..\src\graphic\gfx_camera_actor_facet.h">
      <Filter>engine\map\actors\camera</Filter>
    </ClInclude>
    <ClInclude Include="..\..\..\src\graphic\gfx_camera_actor_manager.h">
      <Filter>engine\map\actors\camera</Filter>
    </ClInclude>
    <ClInclude Include="..\..\..\src\graphic\gfx_ar_actor_manager.h">
      <Filter>engine\map\actors\ar mesh</Filter>
    </ClInclude>
    <ClInclude Include="..\..\..\src\graphic\gfx_mesh_actor_manager.h">
      <Filter>engine\map\actors\mesh</Filter>
    </ClInclude>
    <ClInclude Include="..\..\..\src\graphic\gfx_mesh_actor_facet.h">
      <Filter>engine\map\actors\mesh</Filter>
    </ClInclude>
  </ItemGroup>
  <ItemGroup>
    <Filter Include="interface">
      <UniqueIdentifier>{07ef7c66-9b54-44ad-afab-5107165c5ff1}</UniqueIdentifier>
    </Filter>
    <Filter Include="interface\debug">
      <UniqueIdentifier>{2b179e5e-f187-406a-8007-f761468b75d2}</UniqueIdentifier>
    </Filter>
    <Filter Include="interface\camera">
      <UniqueIdentifier>{675725fb-284c-4c1e-a6f9-61baa5a2facc}</UniqueIdentifier>
    </Filter>
    <Filter Include="engine">
      <UniqueIdentifier>{f8af8d85-1a32-49ba-ac41-75fe57695025}</UniqueIdentifier>
    </Filter>
    <Filter Include="ogl">
      <UniqueIdentifier>{705f831a-0b75-4515-a7ed-dd10cefa0f0b}</UniqueIdentifier>
    </Filter>
    <Filter Include="states">
      <UniqueIdentifier>{12bc1bb5-ff4d-4376-ae7c-28d6a7822292}</UniqueIdentifier>
    </Filter>
    <Filter Include="engine\renderer">
      <UniqueIdentifier>{066d6103-3141-40f8-993a-e5094b817b19}</UniqueIdentifier>
    </Filter>
    <Filter Include="ogl\memory">
      <UniqueIdentifier>{40254846-002f-4582-a980-fbe9b8893162}</UniqueIdentifier>
    </Filter>
    <Filter Include="engine\buffers">
      <UniqueIdentifier>{3ce99afa-0357-4598-b8cf-8d1dad5d8f96}</UniqueIdentifier>
    </Filter>
    <Filter Include="engine\context">
      <UniqueIdentifier>{376ec3e0-b5cd-41d6-8ee3-e2f8ad0f5d89}</UniqueIdentifier>
    </Filter>
    <Filter Include="engine\layout">
      <UniqueIdentifier>{36f689bb-358d-4f30-9578-61c582279950}</UniqueIdentifier>
    </Filter>
    <Filter Include="engine\sampler">
      <UniqueIdentifier>{7ba8ed96-cc8c-4b77-a570-b8aeb9711e1b}</UniqueIdentifier>
    </Filter>
    <Filter Include="engine\shaders">
      <UniqueIdentifier>{051943dc-b6ca-46f5-a521-b6c3b25482bc}</UniqueIdentifier>
    </Filter>
    <Filter Include="engine\states">
      <UniqueIdentifier>{65be2064-cd1f-4b42-95e2-586fc64ca9fc}</UniqueIdentifier>
    </Filter>
    <Filter Include="engine\states\description">
      <UniqueIdentifier>{6d9cd108-6a36-402a-a427-26a14687fa68}</UniqueIdentifier>
    </Filter>
    <Filter Include="engine\target sets">
      <UniqueIdentifier>{a958d488-6ba9-400e-8c86-635e3dba58b8}</UniqueIdentifier>
    </Filter>
    <Filter Include="engine\textures">
      <UniqueIdentifier>{57fd6aa3-781c-481a-b1c5-f93d8c1efe4c}</UniqueIdentifier>
    </Filter>
    <Filter Include="engine\view ports">
      <UniqueIdentifier>{a494d7c8-7a72-4acf-9dfb-2073cf07ad31}</UniqueIdentifier>
    </Filter>
    <Filter Include="engine\views">
      <UniqueIdentifier>{0ddca301-3fa2-40d4-80d2-cd1187fe749a}</UniqueIdentifier>
    </Filter>
    <Filter Include="ogl\buffers">
      <UniqueIdentifier>{85850bf7-e5b3-471b-97a0-fe87674089f5}</UniqueIdentifier>
    </Filter>
    <Filter Include="ogl\context">
      <UniqueIdentifier>{3e86dc1d-68a8-4432-94f7-ac2ce7d085c0}</UniqueIdentifier>
    </Filter>
    <Filter Include="ogl\samplers">
      <UniqueIdentifier>{75014ffe-5ab7-4cf2-bcfa-cf6c6423a67d}</UniqueIdentifier>
    </Filter>
    <Filter Include="ogl\shaders">
      <UniqueIdentifier>{c7786ac6-da31-43db-91b1-dd761b6274b4}</UniqueIdentifier>
    </Filter>
    <Filter Include="ogl\states">
      <UniqueIdentifier>{6ab60918-adc2-49ad-985e-a93586e70083}</UniqueIdentifier>
    </Filter>
    <Filter Include="ogl\target sets">
      <UniqueIdentifier>{ca0491fb-40bc-4ed1-9973-775006f06c3e}</UniqueIdentifier>
    </Filter>
    <Filter Include="ogl\textures">
      <UniqueIdentifier>{125e0ce4-c7c4-4ba6-8b8a-721c6e4b4d41}</UniqueIdentifier>
    </Filter>
    <Filter Include="ogl\shaders\files">
      <UniqueIdentifier>{47d5f2b9-13a8-4a24-af1e-6e489d3de412}</UniqueIdentifier>
    </Filter>
    <Filter Include="engine\memory">
      <UniqueIdentifier>{38e197b6-c419-4d30-ae67-82d614985074}</UniqueIdentifier>
    </Filter>
    <Filter Include="engine\topology">
      <UniqueIdentifier>{452b9788-17ba-420c-8c8c-4c0efa7dbe64}</UniqueIdentifier>
    </Filter>
    <Filter Include="ogl\shaders\files\base">
      <UniqueIdentifier>{fbce8170-63c4-4d1b-90cf-92d3959e5641}</UniqueIdentifier>
    </Filter>
    <Filter Include="ogl\shaders\files\builtin">
      <UniqueIdentifier>{c2f1c517-befc-43b5-b1e1-4d082b040c73}</UniqueIdentifier>
    </Filter>
    <Filter Include="ogl\shaders\files\builtin\image_processing">
      <UniqueIdentifier>{28af4782-4f9b-4399-9f9a-26451dbc2070}</UniqueIdentifier>
    </Filter>
    <Filter Include="ogl\shaders\files\builtin\render_pass">
      <UniqueIdentifier>{cac78d36-0800-4864-8225-bbba5e13095d}</UniqueIdentifier>
    </Filter>
    <Filter Include="ogl\shaders\files\builtin\vs">
      <UniqueIdentifier>{1c4cbeb0-00b4-4ae0-9f98-7a09217bba66}</UniqueIdentifier>
    </Filter>
    <Filter Include="ogl\shaders\files\builtin\render_pass\1_deferred">
      <UniqueIdentifier>{c2b8c19b-30ff-46bc-94c5-641859995de3}</UniqueIdentifier>
    </Filter>
    <Filter Include="ogl\shaders\files\builtin\render_pass\4_forward">
      <UniqueIdentifier>{e7ae9270-c761-4666-9f57-f53e5d716fd8}</UniqueIdentifier>
    </Filter>
    <Filter Include="ogl\shaders\files\builtin\render_pass\5_post_effect">
      <UniqueIdentifier>{5175cf58-42c2-4c0b-84d8-d6f09afb0794}</UniqueIdentifier>
    </Filter>
    <Filter Include="ogl\shaders\files\builtin\render_pass\2_lighting">
      <UniqueIdentifier>{a67e1bb0-771b-4d97-b4bf-1e9fda329e0f}</UniqueIdentifier>
    </Filter>
    <Filter Include="ogl\shaders\files\builtin\render_pass\2_lighting\IBL">
      <UniqueIdentifier>{e6c8558f-1b91-4d66-91bc-8015ccd3938a}</UniqueIdentifier>
    </Filter>
    <Filter Include="ogl\shaders\files\builtin\compute">
      <UniqueIdentifier>{15f454b0-ea87-4a15-b1e0-b318c6795c95}</UniqueIdentifier>
    </Filter>
    <Filter Include="ogl\shaders\files\builtin\render_pass\3_tone_mapping">
      <UniqueIdentifier>{6a5b8a92-193d-4a42-9ed1-3cfddc0e5702}</UniqueIdentifier>
    </Filter>
    <Filter Include="engine\map">
      <UniqueIdentifier>{e4eafc3a-84ac-4c03-a5cf-7207a9d5652a}</UniqueIdentifier>
    </Filter>
    <Filter Include="engine\map\lights">
      <UniqueIdentifier>{b6012d62-e689-4741-b1d8-d09e91c6e5aa}</UniqueIdentifier>
    </Filter>
    <Filter Include="engine\materials">
      <UniqueIdentifier>{8fc6af4b-1e99-4100-93b3-3e02646c82d4}</UniqueIdentifier>
    </Filter>
    <Filter Include="engine\models">
      <UniqueIdentifier>{92e433e6-6b6c-4461-a57f-45a88b68bc58}</UniqueIdentifier>
    </Filter>
    <Filter Include="engine\map\actors">
      <UniqueIdentifier>{02e2bfc8-3fc9-4c52-94d8-71e03226c74f}</UniqueIdentifier>
    </Filter>
    <Filter Include="interface\app">
      <UniqueIdentifier>{d2d6b2f8-bc87-4bab-a774-595fc150e167}</UniqueIdentifier>
    </Filter>
    <Filter Include="engine\map\lights\sky">
      <UniqueIdentifier>{e368e615-e6ff-4088-91bb-c8f8c4579806}</UniqueIdentifier>
    </Filter>
    <Filter Include="engine\map\lights\light probe">
      <UniqueIdentifier>{a475361d-5742-4a44-b188-1c76dd2ce874}</UniqueIdentifier>
    </Filter>
    <Filter Include="engine\map\lights\point light">
      <UniqueIdentifier>{26d9f37c-3192-4a47-863f-54b5d9663a1a}</UniqueIdentifier>
    </Filter>
    <Filter Include="engine\map\lights\sun">
      <UniqueIdentifier>{fd022fc1-0bf0-4614-b478-05be935c009c}</UniqueIdentifier>
    </Filter>
    <Filter Include="engine\map\actors\ar mesh">
      <UniqueIdentifier>{a77d8a36-61aa-4dc5-81a3-382c74614c84}</UniqueIdentifier>
    </Filter>
    <Filter Include="engine\map\actors\mesh">
      <UniqueIdentifier>{0443e64d-1c8b-4e07-86ed-68412f045b36}</UniqueIdentifier>
    </Filter>
    <Filter Include="engine\map\actors\camera">
      <UniqueIdentifier>{9e400c53-a975-4c85-9026-d24010c20ccc}</UniqueIdentifier>
    </Filter>
  </ItemGroup>
  <ItemGroup>
    <None Include="..\..\..\..\data\graphic\shaders\functions.glsl">
      <Filter>ogl\shaders\files\base</Filter>
    </None>
    <None Include="..\..\..\..\data\graphic\shaders\light.glsl">
      <Filter>ogl\shaders\files\base</Filter>
    </None>
    <None Include="..\..\..\..\data\graphic\shaders\vs_global.glsl">
      <Filter>ogl\shaders\files\base</Filter>
    </None>
    <None Include="..\..\..\..\data\graphic\shaders\fs_global.glsl">
      <Filter>ogl\shaders\files\base</Filter>
    </None>
    <None Include="..\..\..\..\data\graphic\shaders\vs_m_p.glsl">
      <Filter>ogl\shaders\files\builtin\vs</Filter>
    </None>
    <None Include="..\..\..\..\data\graphic\shaders\vs_m_p_quad.glsl">
      <Filter>ogl\shaders\files\builtin\vs</Filter>
    </None>
    <None Include="..\..\..\..\data\graphic\shaders\vs_m_pn.glsl">
      <Filter>ogl\shaders\files\builtin\vs</Filter>
    </None>
    <None Include="..\..\..\..\data\graphic\shaders\vs_m_pntbx0.glsl">
      <Filter>ogl\shaders\files\builtin\vs</Filter>
    </None>
    <None Include="..\..\..\..\data\graphic\shaders\vs_m_pnx0.glsl">
      <Filter>ogl\shaders\files\builtin\vs</Filter>
    </None>
    <None Include="..\..\..\..\data\graphic\shaders\vs_non_p.glsl">
      <Filter>ogl\shaders\files\builtin\vs</Filter>
    </None>
    <None Include="..\..\..\..\data\graphic\shaders\vs_screen_p_quad.glsl">
      <Filter>ogl\shaders\files\builtin\vs</Filter>
    </None>
    <None Include="..\..\..\..\data\graphic\shaders\vs_vm_pc.glsl">
      <Filter>ogl\shaders\files\builtin\vs</Filter>
    </None>
    <None Include="..\..\..\..\data\graphic\shaders\vs_vm_pnx0.glsl">
      <Filter>ogl\shaders\files\builtin\vs</Filter>
    </None>
    <None Include="..\..\..\..\data\graphic\shaders\vs_cubemap.glsl">
      <Filter>ogl\shaders\files\builtin\vs</Filter>
    </None>
    <None Include="..\..\..\..\data\graphic\shaders\fs_texture_copy.glsl">
      <Filter>ogl\shaders\files\builtin\image_processing</Filter>
    </None>
    <None Include="..\..\..\..\data\graphic\shaders\fs_texture_copy_inverse.glsl">
      <Filter>ogl\shaders\files\builtin\image_processing</Filter>
    </None>
    <None Include="..\..\..\..\data\graphic\shaders\fs_sepia_color.glsl">
      <Filter>ogl\shaders\files\builtin\render_pass\5_post_effect</Filter>
    </None>
    <None Include="..\..\..\..\data\graphic\shaders\vs_dof_down_sample.glsl">
      <Filter>ogl\shaders\files\builtin\render_pass\5_post_effect</Filter>
    </None>
    <None Include="..\..\..\..\data\graphic\shaders\vs_dof_near_blur.glsl">
      <Filter>ogl\shaders\files\builtin\render_pass\5_post_effect</Filter>
    </None>
    <None Include="..\..\..\..\data\graphic\shaders\fs_invert_color.glsl">
      <Filter>ogl\shaders\files\builtin\render_pass\5_post_effect</Filter>
    </None>
    <None Include="..\..\..\..\data\graphic\shaders\fs_fxaa.glsl">
      <Filter>ogl\shaders\files\builtin\render_pass\5_post_effect</Filter>
    </None>
    <None Include="..\..\..\..\data\graphic\shaders\fs_dof_near_blur.glsl">
      <Filter>ogl\shaders\files\builtin\render_pass\5_post_effect</Filter>
    </None>
    <None Include="..\..\..\..\data\graphic\shaders\fs_dof_near.glsl">
      <Filter>ogl\shaders\files\builtin\render_pass\5_post_effect</Filter>
    </None>
    <None Include="..\..\..\..\data\graphic\shaders\fs_dof_down_sample.glsl">
      <Filter>ogl\shaders\files\builtin\render_pass\5_post_effect</Filter>
    </None>
    <None Include="..\..\..\..\data\graphic\shaders\fs_dof_apply.glsl">
      <Filter>ogl\shaders\files\builtin\render_pass\5_post_effect</Filter>
    </None>
    <None Include="..\..\..\..\data\graphic\shaders\fs_gaussian_blur.glsl">
      <Filter>ogl\shaders\files\builtin\render_pass\5_post_effect</Filter>
    </None>
    <None Include="..\..\..\..\data\graphic\shaders\fs_color.glsl">
      <Filter>ogl\shaders\files\builtin\render_pass\4_forward</Filter>
    </None>
    <None Include="..\..\..\..\data\graphic\shaders\fs_color_alpha.glsl">
      <Filter>ogl\shaders\files\builtin\render_pass\4_forward</Filter>
    </None>
    <None Include="..\..\..\..\data\graphic\shaders\fs_texture_light_alpha.glsl">
      <Filter>ogl\shaders\files\builtin\render_pass\4_forward</Filter>
    </None>
    <None Include="..\..\..\..\data\graphic\shaders\fs_bilateral_blur.glsl">
      <Filter>ogl\shaders\files\builtin\render_pass\5_post_effect</Filter>
    </None>
    <None Include="..\..\..\..\data\graphic\shaders\fs_cubemap.glsl">
      <Filter>ogl\shaders\files\builtin\render_pass\4_forward</Filter>
    </None>
    <None Include="..\..\..\..\data\graphic\shaders\fs_liquid_depth.glsl">
      <Filter>ogl\shaders\files\builtin\render_pass\4_forward</Filter>
    </None>
    <None Include="..\..\..\..\data\graphic\shaders\fs_liquid_shading.glsl">
      <Filter>ogl\shaders\files\builtin\render_pass\4_forward</Filter>
    </None>
    <None Include="..\..\..\..\data\graphic\shaders\fs_liquid_thickness.glsl">
      <Filter>ogl\shaders\files\builtin\render_pass\4_forward</Filter>
    </None>
    <None Include="..\..\..\..\data\graphic\shaders\fs_pane.glsl">
      <Filter>ogl\shaders\files\builtin\render_pass\4_forward</Filter>
    </None>
    <None Include="..\..\..\..\data\graphic\shaders\vs_liquid_particle.glsl">
      <Filter>ogl\shaders\files\builtin\render_pass\4_forward</Filter>
    </None>
    <None Include="..\..\..\..\data\graphic\shaders\fs_text.glsl">
      <Filter>ogl\shaders\files\builtin\render_pass\4_forward</Filter>
    </None>
    <None Include="..\..\..\..\data\graphic\shaders\vs_text.glsl">
      <Filter>ogl\shaders\files\builtin\render_pass\4_forward</Filter>
    </None>
    <None Include="..\..\..\..\data\graphic\shaders\vs_vm_p_quad.glsl">
      <Filter>ogl\shaders\files\builtin\vs</Filter>
    </None>
    <None Include="..\..\..\..\data\graphic\shaders\fs_color_sphere_alpha.glsl">
      <Filter>ogl\shaders\files\builtin\render_pass\4_forward</Filter>
    </None>
    <None Include="..\..\..\..\data\graphic\shaders\fs_light_disklight.glsl">
      <Filter>ogl\shaders\files\builtin\render_pass\2_lighting</Filter>
    </None>
    <None Include="..\..\..\..\data\graphic\shaders\fs_light_punctuallight.glsl">
      <Filter>ogl\shaders\files\builtin\render_pass\2_lighting</Filter>
    </None>
    <None Include="..\..\..\..\data\graphic\shaders\fs_light_spherelight.glsl">
      <Filter>ogl\shaders\files\builtin\render_pass\2_lighting</Filter>
    </None>
    <None Include="..\..\..\..\data\graphic\shaders\fs_shadow.glsl">
      <Filter>ogl\shaders\files\builtin\render_pass\2_lighting</Filter>
    </None>
    <None Include="..\..\..\..\data\graphic\shaders\fs_shadow_rsm.glsl">
      <Filter>ogl\shaders\files\builtin\render_pass\2_lighting</Filter>
    </None>
    <None Include="..\..\..\..\data\graphic\shaders\fs_light_sunlight.glsl">
      <Filter>ogl\shaders\files\builtin\render_pass\2_lighting</Filter>
    </None>
    <None Include="..\..\..\..\data\graphic\shaders\vs_spherical_env_cubemap_generation.glsl">
      <Filter>ogl\shaders\files\builtin\render_pass\2_lighting\IBL</Filter>
    </None>
    <None Include="..\..\..\..\data\graphic\shaders\gs_spherical_env_cubemap_generation.glsl">
      <Filter>ogl\shaders\files\builtin\render_pass\2_lighting\IBL</Filter>
    </None>
    <None Include="..\..\..\..\data\graphic\shaders\fs_spherical_env_cubemap_generation.glsl">
      <Filter>ogl\shaders\files\builtin\render_pass\2_lighting\IBL</Filter>
    </None>
    <None Include="..\..\..\..\data\graphic\shaders\gs_global.glsl">
      <Filter>ogl\shaders\files\base</Filter>
    </None>
    <None Include="..\..\..\..\data\graphic\shaders\fs_lightprobe_diffuse_sampling.glsl">
      <Filter>ogl\shaders\files\builtin\render_pass\2_lighting\IBL</Filter>
    </None>
    <None Include="..\..\..\..\data\graphic\shaders\fs_lightprobe_specular_sampling.glsl">
      <Filter>ogl\shaders\files\builtin\render_pass\2_lighting\IBL</Filter>
    </None>
    <None Include="..\..\..\..\data\graphic\shaders\fs_ssao.glsl">
      <Filter>ogl\shaders\files\builtin\render_pass\2_lighting</Filter>
    </None>
    <None Include="..\..\..\..\data\graphic\shaders\fs_ssao_apply.glsl">
      <Filter>ogl\shaders\files\builtin\render_pass\2_lighting</Filter>
    </None>
    <None Include="..\..\..\..\data\graphic\shaders\fs_light_imagelight.glsl">
      <Filter>ogl\shaders\files\builtin\render_pass\2_lighting\IBL</Filter>
    </None>
    <None Include="..\..\..\..\data\graphic\shaders\fs_atmosphere_cubemap.glsl">
      <Filter>ogl\shaders\files\builtin\render_pass\2_lighting</Filter>
    </None>
    <None Include="..\..\..\..\data\graphic\shaders\fs_atmosphere_texture.glsl">
      <Filter>ogl\shaders\files\builtin\render_pass\2_lighting</Filter>
    </None>
    <None Include="..\..\..\..\data\graphic\shaders\cs_test.glsl">
      <Filter>ogl\shaders\files\builtin\render_pass\1_deferred</Filter>
    </None>
    <None Include="..\..\..\..\data\graphic\shaders\es_test.glsl">
      <Filter>ogl\shaders\files\builtin\render_pass\1_deferred</Filter>
    </None>
    <None Include="..\..\..\..\data\graphic\shaders\es_global.glsl">
      <Filter>ogl\shaders\files\base</Filter>
    </None>
    <None Include="..\..\..\..\data\graphic\shaders\cs_global.glsl">
      <Filter>ogl\shaders\files\base</Filter>
    </None>
    <None Include="..\..\..\..\data\graphic\shaders\material.glsl">
      <Filter>ogl\shaders\files\builtin\render_pass\1_deferred</Filter>
    </None>
    <None Include="..\..\..\..\data\graphic\shaders\cs_brdf.glsl">
      <Filter>ogl\shaders\files\builtin\compute</Filter>
    </None>
    <None Include="..\..\..\..\data\graphic\shaders\cs_histogram.glsl">
      <Filter>ogl\shaders\files\builtin\compute</Filter>
    </None>
    <None Include="..\..\..\..\data\graphic\shaders\fs_tone_mapping.glsl">
      <Filter>ogl\shaders\files\builtin\render_pass\3_tone_mapping</Filter>
    </None>
  </ItemGroup>
</Project>