<?xml version="1.0" encoding="utf-8"?>
<Project ToolsVersion="4.0" xmlns="http://schemas.microsoft.com/developer/msbuild/2003">
  <ItemGroup>
    <ClCompile Include="..\..\..\src\mr\mr_control_manager.cpp" />
    <ClCompile Include="..\..\..\src\mr\mr_precompiled.cpp" />
    <ClCompile Include="..\..\..\src\mr\mr_slam_reconstructor.cpp" />
    <ClCompile Include="..\..\..\src\mr\mr_scalable_slam_reconstructor.cpp" />
    <ClCompile Include="..\..\..\src\mr\mr_slam_reconstruction_settings.cpp" />
    <ClCompile Include="..\..\..\src\mr\mr_plane_detector.cpp" />
    <ClCompile Include="..\..\..\src\mr\mr_kinect_control.cpp" />
    <ClCompile Include="..\..\..\src\mr\mr_realsense_control.cpp" />
  </ItemGroup>
  <ItemGroup>
    <ClInclude Include="..\..\..\src\mr\mr_control_manager.h" />
    <ClInclude Include="..\..\..\src\mr\mr_precompiled.h" />
    <ClInclude Include="..\..\..\src\mr\mr_slam_reconstructor.h" />
    <ClInclude Include="..\..\..\src\mr\mr_scalable_slam_reconstructor.h" />
    <ClInclude Include="..\..\..\src\mr\mr_slam_reconstruction_settings.h" />
    <ClInclude Include="..\..\..\src\mr\mr_plane_detector.h" />
    <ClInclude Include="..\..\..\src\mr\mr_control.h" />
    <ClInclude Include="..\..\..\src\mr\mr_camera_control.h" />
    <ClInclude Include="..\..\..\src\mr\mr_depth_sensor_control.h" />
    <ClInclude Include="..\..\..\src\mr\mr_kinect_control.h" />
    <ClInclude Include="..\..\..\src\mr\mr_realsense_control.h" />
    <ClInclude Include="..\..\..\src\mr\mr_rgbd_camera_control.h" />
  </ItemGroup>
</Project>