<?xml version="1.0" encoding="utf-8"?>
<Project ToolsVersion="4.0" xmlns="http://schemas.microsoft.com/developer/msbuild/2003">
  <ItemGroup>
    <ClCompile Include="..\..\..\src\mr\mr_control_manager.cpp" />
    <ClCompile Include="..\..\..\src\mr\mr_precompiled.cpp" />
    <ClCompile Include="..\..\..\src\mr\mr_camera.cpp">
      <Filter>camera</Filter>
    </ClCompile>
    <ClCompile Include="..\..\..\src\mr\mr_marker.cpp">
      <Filter>marker</Filter>
    </ClCompile>
    <ClCompile Include="..\..\..\src\mr\mr_light_estimation.cpp">
      <Filter>light</Filter>
    </ClCompile>
    <ClCompile Include="..\..\..\src\mr\mr_light_estimation_manager.cpp">
      <Filter>light</Filter>
    </ClCompile>
    <ClCompile Include="..\..\..\src\mr\mr_session.cpp">
      <Filter>session</Filter>
    </ClCompile>
  </ItemGroup>
  <ItemGroup>
    <ClInclude Include="..\..\..\src\mr\mr_control_manager.h" />
    <ClInclude Include="..\..\..\src\mr\mr_precompiled.h" />
    <ClInclude Include="..\..\..\src\mr\mr_camera.h">
      <Filter>camera</Filter>
    </ClInclude>
    <ClInclude Include="..\..\..\src\mr\mr_marker.h">
      <Filter>marker</Filter>
    </ClInclude>
    <ClInclude Include="..\..\..\src\mr\mr_light_estimation.h">
      <Filter>light</Filter>
    </ClInclude>
    <ClInclude Include="..\..\..\src\mr\mr_light_estimation_manager.h">
      <Filter>light</Filter>
    </ClInclude>
    <ClInclude Include="..\..\..\src\mr\mr_session.h">
      <Filter>session</Filter>
    </ClInclude>
  </ItemGroup>
  <ItemGroup>
    <Filter Include="camera">
      <UniqueIdentifier>{e5a95318-7228-429f-9523-6da08a7174f0}</UniqueIdentifier>
    </Filter>
    <Filter Include="marker">
      <UniqueIdentifier>{6b0d4c75-aa6f-457b-9db7-cd886370e617}</UniqueIdentifier>
    </Filter>
    <Filter Include="light">
      <UniqueIdentifier>{35399f82-6132-4b4c-8227-78ff7e010369}</UniqueIdentifier>
    </Filter>
    <Filter Include="session">
      <UniqueIdentifier>{c7568f9d-b6d2-4707-8b25-18a595c42b48}</UniqueIdentifier>
    </Filter>
  </ItemGroup>
</Project>