<?xml version="1.0" encoding="utf-8"?>
<Project ToolsVersion="4.0" xmlns="http://schemas.microsoft.com/developer/msbuild/2003">
  <ItemGroup>
    <Filter Include="states">
      <UniqueIdentifier>{7807dec5-a560-497a-89fa-d6fa102e7bc5}</UniqueIdentifier>
    </Filter>
    <Filter Include="helper">
      <UniqueIdentifier>{9b8d6b30-5dce-454a-b416-151c86fb5833}</UniqueIdentifier>
    </Filter>
  </ItemGroup>
  <ItemGroup>
    <ClCompile Include="..\..\..\src\editor\edit_edit_state.cpp">
      <Filter>states</Filter>
    </ClCompile>
    <ClCompile Include="..\..\..\src\editor\edit_exit_state.cpp">
      <Filter>states</Filter>
    </ClCompile>
    <ClCompile Include="..\..\..\src\editor\edit_intro_state.cpp">
      <Filter>states</Filter>
    </ClCompile>
    <ClCompile Include="..\..\..\src\editor\edit_load_map_state.cpp">
      <Filter>states</Filter>
    </ClCompile>
    <ClCompile Include="..\..\..\src\editor\edit_play_state.cpp">
      <Filter>states</Filter>
    </ClCompile>
    <ClCompile Include="..\..\..\src\editor\edit_start_state.cpp">
      <Filter>states</Filter>
    </ClCompile>
    <ClCompile Include="..\..\..\src\editor\edit_unload_map_state.cpp">
      <Filter>states</Filter>
    </ClCompile>
    <ClCompile Include="..\..\..\src\editor\edit_main.cpp" />
    <ClCompile Include="..\..\..\src\editor\edit_application.cpp" />
    <ClCompile Include="..\..\..\src\editor\edit_precompiled.cpp" />
    <ClCompile Include="..\..\..\src\editor\edit_graphic_helper.cpp">
      <Filter>helper</Filter>
    </ClCompile>
    <ClCompile Include="..\..\..\src\editor\edit_effect_helper.cpp">
      <Filter>helper</Filter>
    </ClCompile>
    <ClCompile Include="..\..\..\src\editor\edit_actor_helper.cpp">
      <Filter>helper</Filter>
    </ClCompile>
    <ClCompile Include="..\..\..\src\editor\edit_light_helper.cpp">
      <Filter>helper</Filter>
    </ClCompile>
    <ClCompile Include="..\..\..\src\editor\edit_entity_helper.cpp">
      <Filter>helper</Filter>
    </ClCompile>
    <ClCompile Include="..\..\..\src\editor\edit_plugin_helper.cpp">
      <Filter>helper</Filter>
    </ClCompile>
    <ClCompile Include="..\..\..\src\editor\edit_material_helper.cpp">
      <Filter>helper</Filter>
    </ClCompile>
    <ClCompile Include="..\..\..\src\editor\edit_texture_helper.cpp">
      <Filter>helper</Filter>
    </ClCompile>
  </ItemGroup>
  <ItemGroup>
    <ClInclude Include="..\..\..\src\editor\edit_edit_state.h">
      <Filter>states</Filter>
    </ClInclude>
    <ClInclude Include="..\..\..\src\editor\edit_exit_state.h">
      <Filter>states</Filter>
    </ClInclude>
    <ClInclude Include="..\..\..\src\editor\edit_intro_state.h">
      <Filter>states</Filter>
    </ClInclude>
    <ClInclude Include="..\..\..\src\editor\edit_load_map_state.h">
      <Filter>states</Filter>
    </ClInclude>
    <ClInclude Include="..\..\..\src\editor\edit_play_state.h">
      <Filter>states</Filter>
    </ClInclude>
    <ClInclude Include="..\..\..\src\editor\edit_start_state.h">
      <Filter>states</Filter>
    </ClInclude>
    <ClInclude Include="..\..\..\src\editor\edit_state.h">
      <Filter>states</Filter>
    </ClInclude>
    <ClInclude Include="..\..\..\src\editor\edit_unload_map_state.h">
      <Filter>states</Filter>
    </ClInclude>
    <ClInclude Include="..\..\..\src\editor\edit_application.h" />
    <ClInclude Include="..\..\..\src\editor\edit_precompiled.h" />
    <ClInclude Include="..\..\..\src\editor\edit_graphic_helper.h">
      <Filter>helper</Filter>
    </ClInclude>
    <ClInclude Include="..\..\..\src\editor\edit_effect_helper.h">
      <Filter>helper</Filter>
    </ClInclude>
    <ClInclude Include="..\..\..\src\editor\edit_actor_helper.h">
      <Filter>helper</Filter>
    </ClInclude>
    <ClInclude Include="..\..\..\src\editor\edit_light_helper.h">
      <Filter>helper</Filter>
    </ClInclude>
    <ClInclude Include="..\..\..\src\editor\edit_entity_helper.h">
      <Filter>helper</Filter>
    </ClInclude>
    <ClInclude Include="..\..\..\src\editor\edit_plugin_helper.h">
      <Filter>helper</Filter>
    </ClInclude>
    <ClInclude Include="..\..\..\src\editor\edit_material_helper.h">
      <Filter>helper</Filter>
    </ClInclude>
    <ClInclude Include="..\..\..\src\editor\edit_texture_helper.h">
      <Filter>helper</Filter>
    </ClInclude>
  </ItemGroup>
</Project>